PODS:
  - FoldingTabBar (1.0.1)
  - Koloda (1.1.2):
    - pop (~> 1.0)
  - pop (1.0.7)

DEPENDENCIES:
  - FoldingTabBar (~> 1.0.1)
  - Koloda (~> 1.1.2)

SPEC CHECKSUMS:
  FoldingTabBar: 3e04c49dbe2b02c529561a4182bf017b928d04d2
  Koloda: 19b54bfb56c3b9e4e946c750b1c3bc771298d7ca
  pop: 628ffc631644601567ee8bfaaaea493ebd7d0923

COCOAPODS: 0.38.2
