// !$*UTF8*$!
{
	archiveVersion = 1;
	classes = {
	};
	objectVersion = 46;
	objects = {

/* Begin PBXBuildFile section */
		295CC0E633ACC2FB26DBF330 /* Pods.framework in Frameworks */ = {isa = PBXBuildFile; fileRef = 837A97BFD1CA9F0BAD26B812 /* Pods.framework */; };
		DA006ED21BD4154D007C05D2 /* VendeeSplash2.png in Resources */ = {isa = PBXBuildFile; fileRef = DA006ED11BD4154C007C05D2 /* VendeeSplash2.png */; };
		DA3CEC0A1BE5411E00AD0C0A /* 04_blurred_bg.jpg in Resources */ = {isa = PBXBuildFile; fileRef = DA3CEC091BE5411E00AD0C0A /* 04_blurred_bg.jpg */; };
		DA5363C01B860F0200A5B911 /* photoUploadPageVC.swift in Sources */ = {isa = PBXBuildFile; fileRef = DA5363BF1B860F0200A5B911 /* photoUploadPageVC.swift */; };
		DA5363F41B8E276D00A5B911 /* Podfile in Resources */ = {isa = PBXBuildFile; fileRef = DA5363F31B8E276D00A5B911 /* Podfile */; };
		DA5363FA1B8F9EB700A5B911 /* nav.swift in Sources */ = {isa = PBXBuildFile; fileRef = DA5363F91B8F9EB700A5B911 /* nav.swift */; };
		DA5363FC1B8FB0A300A5B911 /* mainViewController.swift in Sources */ = {isa = PBXBuildFile; fileRef = DA5363FB1B8FB0A300A5B911 /* mainViewController.swift */; };
		DA5364221B92B42000A5B911 /* SwapItMainViewController.swift in Sources */ = {isa = PBXBuildFile; fileRef = DA5364211B92B42000A5B911 /* SwapItMainViewController.swift */; };
		DA5364261B92B48500A5B911 /* ExampleOverlayView.swift in Sources */ = {isa = PBXBuildFile; fileRef = DA5364231B92B48500A5B911 /* ExampleOverlayView.swift */; };
		DA53642C1B92B8D500A5B911 /* OverlayView.xib in Resources */ = {isa = PBXBuildFile; fileRef = DA53642B1B92B8D500A5B911 /* OverlayView.xib */; };
		DA5471321BE043DC002BAC80 /* aboutPageVC.swift in Sources */ = {isa = PBXBuildFile; fileRef = DA5471311BE043DC002BAC80 /* aboutPageVC.swift */; };
		DA59FB251BD7FD9F006892FB /* myItemView.swift in Sources */ = {isa = PBXBuildFile; fileRef = DA59FB241BD7FD9E006892FB /* myItemView.swift */; };
		DA59FB271BD7FDBB006892FB /* myItemViewCell.swift in Sources */ = {isa = PBXBuildFile; fileRef = DA59FB261BD7FDBB006892FB /* myItemViewCell.swift */; };
		DA59FB2B1BD8A2E4006892FB /* CozyLoadingActivity.swift in Sources */ = {isa = PBXBuildFile; fileRef = DA59FB2A1BD8A2E4006892FB /* CozyLoadingActivity.swift */; };
		DA59FB2D1BD8A3C9006892FB /* ProgressHUD.swift in Sources */ = {isa = PBXBuildFile; fileRef = DA59FB2C1BD8A3C9006892FB /* ProgressHUD.swift */; };
		DA59FB311BDD2AFA006892FB /* background.jpg in Resources */ = {isa = PBXBuildFile; fileRef = DA59FB301BDD2AFA006892FB /* background.jpg */; };
		DA59FB351BDD3E55006892FB /* blue_blur.jpg in Resources */ = {isa = PBXBuildFile; fileRef = DA59FB341BDD3E55006892FB /* blue_blur.jpg */; };
		DA64DC691B80C65D00E5B7D3 /* SignUpTableViewController.swift in Sources */ = {isa = PBXBuildFile; fileRef = DA64DC681B80C65D00E5B7D3 /* SignUpTableViewController.swift */; };
		DA76EA2B1B95354700B76458 /* SwapItMainNav.swift in Sources */ = {isa = PBXBuildFile; fileRef = DA76EA2A1B95354700B76458 /* SwapItMainNav.swift */; };
		DA76EA311B955C0900B76458 /* settingVC.swift in Sources */ = {isa = PBXBuildFile; fileRef = DA76EA301B955C0900B76458 /* settingVC.swift */; };
		DA76EA331B955CEB00B76458 /* RangeSlider.swift in Sources */ = {isa = PBXBuildFile; fileRef = DA76EA321B955CEB00B76458 /* RangeSlider.swift */; };
		DA76EA351B955FE200B76458 /* SettingVCNav.swift in Sources */ = {isa = PBXBuildFile; fileRef = DA76EA341B955FE200B76458 /* SettingVCNav.swift */; };
		DA76EA371B960B5200B76458 /* photoViewNav.swift in Sources */ = {isa = PBXBuildFile; fileRef = DA76EA361B960B5100B76458 /* photoViewNav.swift */; };
		DAA20E2B1BC8B22300E9DED6 /* LocationManager.swift in Sources */ = {isa = PBXBuildFile; fileRef = DAA20E2A1BC8B22300E9DED6 /* LocationManager.swift */; };
		DAA20E331BCCCC2500E9DED6 /* icon_arrow_left.png in Resources */ = {isa = PBXBuildFile; fileRef = DAA20E321BCCCC2500E9DED6 /* icon_arrow_left.png */; };
		DAA555921BD5E9DD009719B5 /* viewProfile.swift in Sources */ = {isa = PBXBuildFile; fileRef = DAA555911BD5E9DD009719B5 /* viewProfile.swift */; };
		DAA555941BD5EA91009719B5 /* viewProfileCell.swift in Sources */ = {isa = PBXBuildFile; fileRef = DAA555931BD5EA91009719B5 /* viewProfileCell.swift */; };
		DAA95FD31BF577350025A75C /* StoreKit.framework in Frameworks */ = {isa = PBXBuildFile; fileRef = DAA95FD21BF577350025A75C /* StoreKit.framework */; };
		DAE786451B9E747B0077EAA2 /* NTWaterfallViewController.swift in Sources */ = {isa = PBXBuildFile; fileRef = DAE786421B9E747B0077EAA2 /* NTWaterfallViewController.swift */; };
		DAE786461B9E747B0077EAA2 /* NTNavigationController.swift in Sources */ = {isa = PBXBuildFile; fileRef = DAE786431B9E747B0077EAA2 /* NTNavigationController.swift */; };
		DAE786471B9E747B0077EAA2 /* NTHorizontalPageViewController.swift in Sources */ = {isa = PBXBuildFile; fileRef = DAE786441B9E747B0077EAA2 /* NTHorizontalPageViewController.swift */; };
		DAE7864C1B9E748E0077EAA2 /* Extension.swift in Sources */ = {isa = PBXBuildFile; fileRef = DAE786481B9E748E0077EAA2 /* Extension.swift */; };
		DAE7864D1B9E748E0077EAA2 /* NTTransition.swift in Sources */ = {isa = PBXBuildFile; fileRef = DAE786491B9E748E0077EAA2 /* NTTransition.swift */; };
		DAE7864E1B9E748E0077EAA2 /* NTTransitionProtocol.swift in Sources */ = {isa = PBXBuildFile; fileRef = DAE7864A1B9E748E0077EAA2 /* NTTransitionProtocol.swift */; };
		DAE7864F1B9E748E0077EAA2 /* Macro.swift in Sources */ = {isa = PBXBuildFile; fileRef = DAE7864B1B9E748E0077EAA2 /* Macro.swift */; };
		DAE786511B9E74AB0077EAA2 /* CHTCollectionViewWaterfallLayout.swift in Sources */ = {isa = PBXBuildFile; fileRef = DAE786501B9E74AB0077EAA2 /* CHTCollectionViewWaterfallLayout.swift */; };
		DAE786541B9E74E70077EAA2 /* NTWaterfallViewCell.swift in Sources */ = {isa = PBXBuildFile; fileRef = DAE786521B9E74E70077EAA2 /* NTWaterfallViewCell.swift */; };
		DAE786551B9E74E70077EAA2 /* NTHorizontalPageViewCell.swift in Sources */ = {isa = PBXBuildFile; fileRef = DAE786531B9E74E70077EAA2 /* NTHorizontalPageViewCell.swift */; };
		DAE7867A1BA486E00077EAA2 /* FBShimmeringLayer.m in Sources */ = {isa = PBXBuildFile; fileRef = DAE786771BA486E00077EAA2 /* FBShimmeringLayer.m */; };
		DAE7867B1BA486E00077EAA2 /* FBShimmeringView.m in Sources */ = {isa = PBXBuildFile; fileRef = DAE786791BA486E00077EAA2 /* FBShimmeringView.m */; };
		DAE7867F1BA487830077EAA2 /* PulsingHaloLayer.m in Sources */ = {isa = PBXBuildFile; fileRef = DAE7867E1BA487830077EAA2 /* PulsingHaloLayer.m */; };
		DAE786831BA87F310077EAA2 /* ImageIO.framework in Frameworks */ = {isa = PBXBuildFile; fileRef = DAE786821BA87F310077EAA2 /* ImageIO.framework */; };
		DAE786891BA90A100077EAA2 /* ViewControllerUtils.swift in Sources */ = {isa = PBXBuildFile; fileRef = DAE786881BA90A100077EAA2 /* ViewControllerUtils.swift */; };
		DAE7868B1BA911250077EAA2 /* loaddataViewController.swift in Sources */ = {isa = PBXBuildFile; fileRef = DAE7868A1BA911250077EAA2 /* loaddataViewController.swift */; };
		DAE786F01BAC799B0077EAA2 /* PagedScrollViewController.swift in Sources */ = {isa = PBXBuildFile; fileRef = DAE786EC1BAC799A0077EAA2 /* PagedScrollViewController.swift */; };
		DAE786F21BAC799B0077EAA2 /* ScrollViewContainer.swift in Sources */ = {isa = PBXBuildFile; fileRef = DAE786EE1BAC799B0077EAA2 /* ScrollViewContainer.swift */; };
		DAE786FC1BAE3C780077EAA2 /* PopUpViewControllerSwift.swift in Sources */ = {isa = PBXBuildFile; fileRef = DAE786F71BAE3C780077EAA2 /* PopUpViewControllerSwift.swift */; };
		DAEDC88B1B7EB20700258E30 /* NSDate+Utilities.m in Sources */ = {isa = PBXBuildFile; fileRef = DAEDC88A1B7EB20700258E30 /* NSDate+Utilities.m */; };
		DAF94C871B7981F6004D2660 /* AppDelegate.swift in Sources */ = {isa = PBXBuildFile; fileRef = DAF94C861B7981F6004D2660 /* AppDelegate.swift */; };
		DAF94C8A1B7981F6004D2660 /* Swapit.xcdatamodeld in Sources */ = {isa = PBXBuildFile; fileRef = DAF94C881B7981F6004D2660 /* Swapit.xcdatamodeld */; };
		DAF94C8F1B7981F6004D2660 /* Main.storyboard in Resources */ = {isa = PBXBuildFile; fileRef = DAF94C8D1B7981F6004D2660 /* Main.storyboard */; };
		DAF94C911B7981F6004D2660 /* Images.xcassets in Resources */ = {isa = PBXBuildFile; fileRef = DAF94C901B7981F6004D2660 /* Images.xcassets */; };
		DAF94C941B7981F6004D2660 /* LaunchScreen.xib in Resources */ = {isa = PBXBuildFile; fileRef = DAF94C921B7981F6004D2660 /* LaunchScreen.xib */; };
		DAF94CA01B7981F6004D2660 /* SwapitTests.swift in Sources */ = {isa = PBXBuildFile; fileRef = DAF94C9F1B7981F6004D2660 /* SwapitTests.swift */; };
		DAF94CAF1B7983C9004D2660 /* Bolts.framework in Frameworks */ = {isa = PBXBuildFile; fileRef = DAF94CA91B7983C9004D2660 /* Bolts.framework */; };
		DAF94CB01B7983C9004D2660 /* Parse.framework in Frameworks */ = {isa = PBXBuildFile; fileRef = DAF94CAA1B7983C9004D2660 /* Parse.framework */; };
		DAF94CB11B7983C9004D2660 /* ParseCrashReporting.framework in Frameworks */ = {isa = PBXBuildFile; fileRef = DAF94CAB1B7983C9004D2660 /* ParseCrashReporting.framework */; };
		DAF94CB21B7983C9004D2660 /* ParseFacebookUtils.framework in Frameworks */ = {isa = PBXBuildFile; fileRef = DAF94CAC1B7983C9004D2660 /* ParseFacebookUtils.framework */; };
		DAF94CB31B7983C9004D2660 /* ParseFacebookUtilsV4.framework in Frameworks */ = {isa = PBXBuildFile; fileRef = DAF94CAD1B7983C9004D2660 /* ParseFacebookUtilsV4.framework */; };
		DAF94CB41B7983C9004D2660 /* ParseUI.framework in Frameworks */ = {isa = PBXBuildFile; fileRef = DAF94CAE1B7983C9004D2660 /* ParseUI.framework */; };
		DAF94CB61B7A03F0004D2660 /* AudioToolbox.framework in Frameworks */ = {isa = PBXBuildFile; fileRef = DAF94CB51B7A03F0004D2660 /* AudioToolbox.framework */; };
		DAF94CB81B7A03F5004D2660 /* CFNetwork.framework in Frameworks */ = {isa = PBXBuildFile; fileRef = DAF94CB71B7A03F5004D2660 /* CFNetwork.framework */; };
		DAF94CBA1B7A03FB004D2660 /* CoreGraphics.framework in Frameworks */ = {isa = PBXBuildFile; fileRef = DAF94CB91B7A03FB004D2660 /* CoreGraphics.framework */; };
		DAF94CBC1B7A0401004D2660 /* CoreLocation.framework in Frameworks */ = {isa = PBXBuildFile; fileRef = DAF94CBB1B7A0401004D2660 /* CoreLocation.framework */; };
		DAF94CBE1B7A0408004D2660 /* QuartzCore.framework in Frameworks */ = {isa = PBXBuildFile; fileRef = DAF94CBD1B7A0408004D2660 /* QuartzCore.framework */; };
		DAF94CC01B7A040F004D2660 /* Security.framework in Frameworks */ = {isa = PBXBuildFile; fileRef = DAF94CBF1B7A040F004D2660 /* Security.framework */; };
		DAF94CC41B7A041F004D2660 /* SystemConfiguration.framework in Frameworks */ = {isa = PBXBuildFile; fileRef = DAF94CC31B7A041F004D2660 /* SystemConfiguration.framework */; };
		DAF94CC61B7A0428004D2660 /* libz.dylib in Frameworks */ = {isa = PBXBuildFile; fileRef = DAF94CC51B7A0428004D2660 /* libz.dylib */; };
		DAF94CC81B7A0430004D2660 /* libsqlite3.dylib in Frameworks */ = {isa = PBXBuildFile; fileRef = DAF94CC71B7A0430004D2660 /* libsqlite3.dylib */; };
		DAF94CCA1B7A043A004D2660 /* Accounts.framework in Frameworks */ = {isa = PBXBuildFile; fileRef = DAF94CC91B7A043A004D2660 /* Accounts.framework */; };
		DAF94CCC1B7A043F004D2660 /* Social.framework in Frameworks */ = {isa = PBXBuildFile; fileRef = DAF94CCB1B7A043F004D2660 /* Social.framework */; };
		DAF94CD71B7A0B4B004D2660 /* JSQSystemSoundPlayer.m in Sources */ = {isa = PBXBuildFile; fileRef = DAF94CD61B7A0B4B004D2660 /* JSQSystemSoundPlayer.m */; };
		DAF94D491B7A12EC004D2660 /* JSQMessagesAssets.bundle in Resources */ = {isa = PBXBuildFile; fileRef = DAF94CED1B7A12EB004D2660 /* JSQMessagesAssets.bundle */; };
		DAF94D4A1B7A12EC004D2660 /* JSQSystemSoundPlayer+JSQMessages.m in Sources */ = {isa = PBXBuildFile; fileRef = DAF94CF01B7A12EB004D2660 /* JSQSystemSoundPlayer+JSQMessages.m */; };
		DAF94D4B1B7A12EC004D2660 /* NSBundle+JSQMessages.m in Sources */ = {isa = PBXBuildFile; fileRef = DAF94CF21B7A12EB004D2660 /* NSBundle+JSQMessages.m */; };
		DAF94D4C1B7A12EC004D2660 /* NSString+JSQMessages.m in Sources */ = {isa = PBXBuildFile; fileRef = DAF94CF41B7A12EB004D2660 /* NSString+JSQMessages.m */; };
		DAF94D4D1B7A12EC004D2660 /* UIColor+JSQMessages.m in Sources */ = {isa = PBXBuildFile; fileRef = DAF94CF61B7A12EC004D2660 /* UIColor+JSQMessages.m */; };
		DAF94D4E1B7A12EC004D2660 /* UIDevice+JSQMessages.m in Sources */ = {isa = PBXBuildFile; fileRef = DAF94CF81B7A12EC004D2660 /* UIDevice+JSQMessages.m */; };
		DAF94D4F1B7A12EC004D2660 /* UIImage+JSQMessages.m in Sources */ = {isa = PBXBuildFile; fileRef = DAF94CFA1B7A12EC004D2660 /* UIImage+JSQMessages.m */; };
		DAF94D501B7A12EC004D2660 /* UIView+JSQMessages.m in Sources */ = {isa = PBXBuildFile; fileRef = DAF94CFC1B7A12EC004D2660 /* UIView+JSQMessages.m */; };
		DAF94D511B7A12EC004D2660 /* JSQMessagesKeyboardController.m in Sources */ = {isa = PBXBuildFile; fileRef = DAF94CFF1B7A12EC004D2660 /* JSQMessagesKeyboardController.m */; };
		DAF94D521B7A12EC004D2660 /* JSQMessagesViewController.m in Sources */ = {isa = PBXBuildFile; fileRef = DAF94D011B7A12EC004D2660 /* JSQMessagesViewController.m */; };
		DAF94D531B7A12EC004D2660 /* JSQMessagesViewController.xib in Resources */ = {isa = PBXBuildFile; fileRef = DAF94D021B7A12EC004D2660 /* JSQMessagesViewController.xib */; };
		DAF94D541B7A12EC004D2660 /* JSQMessagesAvatarImageFactory.m in Sources */ = {isa = PBXBuildFile; fileRef = DAF94D051B7A12EC004D2660 /* JSQMessagesAvatarImageFactory.m */; };
		DAF94D551B7A12EC004D2660 /* JSQMessagesBubbleImageFactory.m in Sources */ = {isa = PBXBuildFile; fileRef = DAF94D071B7A12EC004D2660 /* JSQMessagesBubbleImageFactory.m */; };
		DAF94D561B7A12EC004D2660 /* JSQMessagesMediaViewBubbleImageMasker.m in Sources */ = {isa = PBXBuildFile; fileRef = DAF94D091B7A12EC004D2660 /* JSQMessagesMediaViewBubbleImageMasker.m */; };
		DAF94D571B7A12EC004D2660 /* JSQMessagesTimestampFormatter.m in Sources */ = {isa = PBXBuildFile; fileRef = DAF94D0B1B7A12EC004D2660 /* JSQMessagesTimestampFormatter.m */; };
		DAF94D581B7A12EC004D2660 /* JSQMessagesToolbarButtonFactory.m in Sources */ = {isa = PBXBuildFile; fileRef = DAF94D0D1B7A12EC004D2660 /* JSQMessagesToolbarButtonFactory.m */; };
		DAF94D591B7A12EC004D2660 /* JSQMessagesCollectionViewFlowLayout.m in Sources */ = {isa = PBXBuildFile; fileRef = DAF94D111B7A12EC004D2660 /* JSQMessagesCollectionViewFlowLayout.m */; };
		DAF94D5A1B7A12EC004D2660 /* JSQMessagesCollectionViewFlowLayoutInvalidationContext.m in Sources */ = {isa = PBXBuildFile; fileRef = DAF94D131B7A12EC004D2660 /* JSQMessagesCollectionViewFlowLayoutInvalidationContext.m */; };
		DAF94D5B1B7A12EC004D2660 /* JSQMessagesCollectionViewLayoutAttributes.m in Sources */ = {isa = PBXBuildFile; fileRef = DAF94D151B7A12EC004D2660 /* JSQMessagesCollectionViewLayoutAttributes.m */; };
		DAF94D5C1B7A12EC004D2660 /* JSQLocationMediaItem.m in Sources */ = {isa = PBXBuildFile; fileRef = DAF94D181B7A12EC004D2660 /* JSQLocationMediaItem.m */; };
		DAF94D5D1B7A12EC004D2660 /* JSQMediaItem.m in Sources */ = {isa = PBXBuildFile; fileRef = DAF94D1A1B7A12EC004D2660 /* JSQMediaItem.m */; };
		DAF94D5E1B7A12EC004D2660 /* JSQMessage.m in Sources */ = {isa = PBXBuildFile; fileRef = DAF94D1C1B7A12EC004D2660 /* JSQMessage.m */; };
		DAF94D5F1B7A12EC004D2660 /* JSQMessagesAvatarImage.m in Sources */ = {isa = PBXBuildFile; fileRef = DAF94D221B7A12EC004D2660 /* JSQMessagesAvatarImage.m */; };
		DAF94D601B7A12EC004D2660 /* JSQMessagesBubbleImage.m in Sources */ = {isa = PBXBuildFile; fileRef = DAF94D241B7A12EC004D2660 /* JSQMessagesBubbleImage.m */; };
		DAF94D611B7A12EC004D2660 /* JSQPhotoMediaItem.m in Sources */ = {isa = PBXBuildFile; fileRef = DAF94D281B7A12EC004D2660 /* JSQPhotoMediaItem.m */; };
		DAF94D621B7A12EC004D2660 /* JSQVideoMediaItem.m in Sources */ = {isa = PBXBuildFile; fileRef = DAF94D2A1B7A12EC004D2660 /* JSQVideoMediaItem.m */; };
		DAF94D631B7A12EC004D2660 /* JSQMessagesCellTextView.m in Sources */ = {isa = PBXBuildFile; fileRef = DAF94D2D1B7A12EC004D2660 /* JSQMessagesCellTextView.m */; };
		DAF94D641B7A12EC004D2660 /* JSQMessagesCollectionView.m in Sources */ = {isa = PBXBuildFile; fileRef = DAF94D2F1B7A12EC004D2660 /* JSQMessagesCollectionView.m */; };
		DAF94D651B7A12EC004D2660 /* JSQMessagesCollectionViewCell.m in Sources */ = {isa = PBXBuildFile; fileRef = DAF94D311B7A12EC004D2660 /* JSQMessagesCollectionViewCell.m */; };
		DAF94D661B7A12EC004D2660 /* JSQMessagesCollectionViewCellIncoming.m in Sources */ = {isa = PBXBuildFile; fileRef = DAF94D331B7A12EC004D2660 /* JSQMessagesCollectionViewCellIncoming.m */; };
		DAF94D671B7A12EC004D2660 /* JSQMessagesCollectionViewCellIncoming.xib in Resources */ = {isa = PBXBuildFile; fileRef = DAF94D341B7A12EC004D2660 /* JSQMessagesCollectionViewCellIncoming.xib */; };
		DAF94D681B7A12EC004D2660 /* JSQMessagesCollectionViewCellOutgoing.m in Sources */ = {isa = PBXBuildFile; fileRef = DAF94D361B7A12EC004D2660 /* JSQMessagesCollectionViewCellOutgoing.m */; };
		DAF94D691B7A12EC004D2660 /* JSQMessagesCollectionViewCellOutgoing.xib in Resources */ = {isa = PBXBuildFile; fileRef = DAF94D371B7A12EC004D2660 /* JSQMessagesCollectionViewCellOutgoing.xib */; };
		DAF94D6A1B7A12EC004D2660 /* JSQMessagesComposerTextView.m in Sources */ = {isa = PBXBuildFile; fileRef = DAF94D391B7A12EC004D2660 /* JSQMessagesComposerTextView.m */; };
		DAF94D6B1B7A12EC004D2660 /* JSQMessagesInputToolbar.m in Sources */ = {isa = PBXBuildFile; fileRef = DAF94D3B1B7A12EC004D2660 /* JSQMessagesInputToolbar.m */; };
		DAF94D6C1B7A12EC004D2660 /* JSQMessagesLabel.m in Sources */ = {isa = PBXBuildFile; fileRef = DAF94D3D1B7A12EC004D2660 /* JSQMessagesLabel.m */; };
		DAF94D6D1B7A12EC004D2660 /* JSQMessagesLoadEarlierHeaderView.m in Sources */ = {isa = PBXBuildFile; fileRef = DAF94D3F1B7A12EC004D2660 /* JSQMessagesLoadEarlierHeaderView.m */; };
		DAF94D6E1B7A12EC004D2660 /* JSQMessagesLoadEarlierHeaderView.xib in Resources */ = {isa = PBXBuildFile; fileRef = DAF94D401B7A12EC004D2660 /* JSQMessagesLoadEarlierHeaderView.xib */; };
		DAF94D6F1B7A12EC004D2660 /* JSQMessagesMediaPlaceholderView.m in Sources */ = {isa = PBXBuildFile; fileRef = DAF94D421B7A12EC004D2660 /* JSQMessagesMediaPlaceholderView.m */; };
		DAF94D701B7A12EC004D2660 /* JSQMessagesToolbarContentView.m in Sources */ = {isa = PBXBuildFile; fileRef = DAF94D441B7A12EC004D2660 /* JSQMessagesToolbarContentView.m */; };
		DAF94D711B7A12EC004D2660 /* JSQMessagesToolbarContentView.xib in Resources */ = {isa = PBXBuildFile; fileRef = DAF94D451B7A12EC004D2660 /* JSQMessagesToolbarContentView.xib */; };
		DAF94D721B7A12EC004D2660 /* JSQMessagesTypingIndicatorFooterView.m in Sources */ = {isa = PBXBuildFile; fileRef = DAF94D471B7A12EC004D2660 /* JSQMessagesTypingIndicatorFooterView.m */; };
		DAF94D731B7A12EC004D2660 /* JSQMessagesTypingIndicatorFooterView.xib in Resources */ = {isa = PBXBuildFile; fileRef = DAF94D481B7A12EC004D2660 /* JSQMessagesTypingIndicatorFooterView.xib */; };
		DAF94D751B7AF27F004D2660 /* LogginViewContoller.swift in Sources */ = {isa = PBXBuildFile; fileRef = DAF94D741B7AF27F004D2660 /* LogginViewContoller.swift */; };
		DAF94D7D1B7B58EA004D2660 /* OverViewTableViewController.swift in Sources */ = {isa = PBXBuildFile; fileRef = DAF94D7C1B7B58EA004D2660 /* OverViewTableViewController.swift */; };
		DAF94D7F1B7B5F10004D2660 /* ChooseTableViewController.swift in Sources */ = {isa = PBXBuildFile; fileRef = DAF94D7E1B7B5F10004D2660 /* ChooseTableViewController.swift */; };
		DAF94D811B7CB3B8004D2660 /* OverviewTableViewCell.swift in Sources */ = {isa = PBXBuildFile; fileRef = DAF94D801B7CB3B8004D2660 /* OverviewTableViewCell.swift */; };
		DAF94D831B7D03A4004D2660 /* MessageViewController.swift in Sources */ = {isa = PBXBuildFile; fileRef = DAF94D821B7D03A4004D2660 /* MessageViewController.swift */; };
/* End PBXBuildFile section */

/* Begin PBXContainerItemProxy section */
		DAF94C9A1B7981F6004D2660 /* PBXContainerItemProxy */ = {
			isa = PBXContainerItemProxy;
			containerPortal = DAF94C791B7981F5004D2660 /* Project object */;
			proxyType = 1;
			remoteGlobalIDString = DAF94C801B7981F5004D2660;
			remoteInfo = Swapit;
		};
/* End PBXContainerItemProxy section */

/* Begin PBXFileReference section */
		53DB0F92EAF196BF7666F7CA /* Pods.release.xcconfig */ = {isa = PBXFileReference; includeInIndex = 1; lastKnownFileType = text.xcconfig; name = Pods.release.xcconfig; path = "Pods/Target Support Files/Pods/Pods.release.xcconfig"; sourceTree = "<group>"; };
		837A97BFD1CA9F0BAD26B812 /* Pods.framework */ = {isa = PBXFileReference; explicitFileType = wrapper.framework; includeInIndex = 0; path = Pods.framework; sourceTree = BUILT_PRODUCTS_DIR; };
		897F3CA997405CFBDC87CD9A /* Pods.debug.xcconfig */ = {isa = PBXFileReference; includeInIndex = 1; lastKnownFileType = text.xcconfig; name = Pods.debug.xcconfig; path = "Pods/Target Support Files/Pods/Pods.debug.xcconfig"; sourceTree = "<group>"; };
		DA006ED11BD4154C007C05D2 /* VendeeSplash2.png */ = {isa = PBXFileReference; lastKnownFileType = image.png; path = VendeeSplash2.png; sourceTree = "<group>"; };
		DA3CEC091BE5411E00AD0C0A /* 04_blurred_bg.jpg */ = {isa = PBXFileReference; lastKnownFileType = image.jpeg; path = 04_blurred_bg.jpg; sourceTree = "<group>"; };
		DA5363BF1B860F0200A5B911 /* photoUploadPageVC.swift */ = {isa = PBXFileReference; fileEncoding = 4; lastKnownFileType = sourcecode.swift; name = photoUploadPageVC.swift; path = Swapit/photoUploadPageVC.swift; sourceTree = "<group>"; };
		DA5363F31B8E276D00A5B911 /* Podfile */ = {isa = PBXFileReference; fileEncoding = 4; lastKnownFileType = text; path = Podfile; sourceTree = "<group>"; xcLanguageSpecificationIdentifier = xcode.lang.ruby; };
		DA5363F91B8F9EB700A5B911 /* nav.swift */ = {isa = PBXFileReference; fileEncoding = 4; lastKnownFileType = sourcecode.swift; path = nav.swift; sourceTree = "<group>"; };
		DA5363FB1B8FB0A300A5B911 /* mainViewController.swift */ = {isa = PBXFileReference; fileEncoding = 4; lastKnownFileType = sourcecode.swift; name = mainViewController.swift; path = ../mainViewController.swift; sourceTree = "<group>"; };
		DA5364211B92B42000A5B911 /* SwapItMainViewController.swift */ = {isa = PBXFileReference; fileEncoding = 4; lastKnownFileType = sourcecode.swift; name = SwapItMainViewController.swift; path = ../SwapItMainViewController.swift; sourceTree = "<group>"; };
		DA5364231B92B48500A5B911 /* ExampleOverlayView.swift */ = {isa = PBXFileReference; fileEncoding = 4; lastKnownFileType = sourcecode.swift; name = ExampleOverlayView.swift; path = ../ExampleOverlayView.swift; sourceTree = "<group>"; };
		DA53642B1B92B8D500A5B911 /* OverlayView.xib */ = {isa = PBXFileReference; fileEncoding = 4; lastKnownFileType = file.xib; path = OverlayView.xib; sourceTree = "<group>"; };
		DA5471311BE043DC002BAC80 /* aboutPageVC.swift */ = {isa = PBXFileReference; fileEncoding = 4; lastKnownFileType = sourcecode.swift; path = aboutPageVC.swift; sourceTree = "<group>"; };
		DA59FB241BD7FD9E006892FB /* myItemView.swift */ = {isa = PBXFileReference; fileEncoding = 4; lastKnownFileType = sourcecode.swift; path = myItemView.swift; sourceTree = "<group>"; };
		DA59FB261BD7FDBB006892FB /* myItemViewCell.swift */ = {isa = PBXFileReference; fileEncoding = 4; lastKnownFileType = sourcecode.swift; path = myItemViewCell.swift; sourceTree = "<group>"; };
		DA59FB2A1BD8A2E4006892FB /* CozyLoadingActivity.swift */ = {isa = PBXFileReference; fileEncoding = 4; lastKnownFileType = sourcecode.swift; name = CozyLoadingActivity.swift; path = Swapit/CozyLoadingActivity.swift; sourceTree = "<group>"; };
		DA59FB2C1BD8A3C9006892FB /* ProgressHUD.swift */ = {isa = PBXFileReference; fileEncoding = 4; lastKnownFileType = sourcecode.swift; path = ProgressHUD.swift; sourceTree = "<group>"; };
		DA59FB301BDD2AFA006892FB /* background.jpg */ = {isa = PBXFileReference; lastKnownFileType = image.jpeg; name = background.jpg; path = Images.xcassets/icons/background.jpg; sourceTree = "<group>"; };
		DA59FB341BDD3E55006892FB /* blue_blur.jpg */ = {isa = PBXFileReference; lastKnownFileType = image.jpeg; name = blue_blur.jpg; path = Images.xcassets/icons/blue_blur.jpg; sourceTree = "<group>"; };
		DA64DC681B80C65D00E5B7D3 /* SignUpTableViewController.swift */ = {isa = PBXFileReference; fileEncoding = 4; lastKnownFileType = sourcecode.swift; name = SignUpTableViewController.swift; path = ../SignUpTableViewController.swift; sourceTree = "<group>"; };
		DA76EA2A1B95354700B76458 /* SwapItMainNav.swift */ = {isa = PBXFileReference; fileEncoding = 4; lastKnownFileType = sourcecode.swift; name = SwapItMainNav.swift; path = ../SwapItMainNav.swift; sourceTree = "<group>"; };
		DA76EA301B955C0900B76458 /* settingVC.swift */ = {isa = PBXFileReference; fileEncoding = 4; lastKnownFileType = sourcecode.swift; path = settingVC.swift; sourceTree = "<group>"; };
		DA76EA321B955CEB00B76458 /* RangeSlider.swift */ = {isa = PBXFileReference; fileEncoding = 4; lastKnownFileType = sourcecode.swift; path = RangeSlider.swift; sourceTree = "<group>"; };
		DA76EA341B955FE200B76458 /* SettingVCNav.swift */ = {isa = PBXFileReference; fileEncoding = 4; lastKnownFileType = sourcecode.swift; path = SettingVCNav.swift; sourceTree = "<group>"; };
		DA76EA361B960B5100B76458 /* photoViewNav.swift */ = {isa = PBXFileReference; fileEncoding = 4; lastKnownFileType = sourcecode.swift; path = photoViewNav.swift; sourceTree = "<group>"; };
		DAA20E2A1BC8B22300E9DED6 /* LocationManager.swift */ = {isa = PBXFileReference; fileEncoding = 4; lastKnownFileType = sourcecode.swift; path = LocationManager.swift; sourceTree = "<group>"; };
		DAA20E321BCCCC2500E9DED6 /* icon_arrow_left.png */ = {isa = PBXFileReference; lastKnownFileType = image.png; name = icon_arrow_left.png; path = ../icon_arrow_left.png; sourceTree = "<group>"; };
		DAA555911BD5E9DD009719B5 /* viewProfile.swift */ = {isa = PBXFileReference; fileEncoding = 4; lastKnownFileType = sourcecode.swift; path = viewProfile.swift; sourceTree = "<group>"; };
		DAA555931BD5EA91009719B5 /* viewProfileCell.swift */ = {isa = PBXFileReference; fileEncoding = 4; lastKnownFileType = sourcecode.swift; path = viewProfileCell.swift; sourceTree = "<group>"; };
		DAA95FD21BF577350025A75C /* StoreKit.framework */ = {isa = PBXFileReference; lastKnownFileType = wrapper.framework; name = StoreKit.framework; path = System/Library/Frameworks/StoreKit.framework; sourceTree = SDKROOT; };
		DAE786421B9E747B0077EAA2 /* NTWaterfallViewController.swift */ = {isa = PBXFileReference; fileEncoding = 4; lastKnownFileType = sourcecode.swift; path = NTWaterfallViewController.swift; sourceTree = "<group>"; };
		DAE786431B9E747B0077EAA2 /* NTNavigationController.swift */ = {isa = PBXFileReference; fileEncoding = 4; lastKnownFileType = sourcecode.swift; path = NTNavigationController.swift; sourceTree = "<group>"; };
		DAE786441B9E747B0077EAA2 /* NTHorizontalPageViewController.swift */ = {isa = PBXFileReference; fileEncoding = 4; lastKnownFileType = sourcecode.swift; path = NTHorizontalPageViewController.swift; sourceTree = "<group>"; };
		DAE786481B9E748E0077EAA2 /* Extension.swift */ = {isa = PBXFileReference; fileEncoding = 4; lastKnownFileType = sourcecode.swift; path = Extension.swift; sourceTree = "<group>"; };
		DAE786491B9E748E0077EAA2 /* NTTransition.swift */ = {isa = PBXFileReference; fileEncoding = 4; lastKnownFileType = sourcecode.swift; path = NTTransition.swift; sourceTree = "<group>"; };
		DAE7864A1B9E748E0077EAA2 /* NTTransitionProtocol.swift */ = {isa = PBXFileReference; fileEncoding = 4; lastKnownFileType = sourcecode.swift; path = NTTransitionProtocol.swift; sourceTree = "<group>"; };
		DAE7864B1B9E748E0077EAA2 /* Macro.swift */ = {isa = PBXFileReference; fileEncoding = 4; lastKnownFileType = sourcecode.swift; path = Macro.swift; sourceTree = "<group>"; };
		DAE786501B9E74AB0077EAA2 /* CHTCollectionViewWaterfallLayout.swift */ = {isa = PBXFileReference; fileEncoding = 4; lastKnownFileType = sourcecode.swift; path = CHTCollectionViewWaterfallLayout.swift; sourceTree = "<group>"; };
		DAE786521B9E74E70077EAA2 /* NTWaterfallViewCell.swift */ = {isa = PBXFileReference; fileEncoding = 4; lastKnownFileType = sourcecode.swift; path = NTWaterfallViewCell.swift; sourceTree = "<group>"; };
		DAE786531B9E74E70077EAA2 /* NTHorizontalPageViewCell.swift */ = {isa = PBXFileReference; fileEncoding = 4; lastKnownFileType = sourcecode.swift; path = NTHorizontalPageViewCell.swift; sourceTree = "<group>"; };
		DAE786741BA486E00077EAA2 /* FBShimmering-Prefix.pch */ = {isa = PBXFileReference; fileEncoding = 4; lastKnownFileType = sourcecode.c.h; path = "FBShimmering-Prefix.pch"; sourceTree = "<group>"; };
		DAE786751BA486E00077EAA2 /* FBShimmering.h */ = {isa = PBXFileReference; fileEncoding = 4; lastKnownFileType = sourcecode.c.h; path = FBShimmering.h; sourceTree = "<group>"; };
		DAE786761BA486E00077EAA2 /* FBShimmeringLayer.h */ = {isa = PBXFileReference; fileEncoding = 4; lastKnownFileType = sourcecode.c.h; path = FBShimmeringLayer.h; sourceTree = "<group>"; };
		DAE786771BA486E00077EAA2 /* FBShimmeringLayer.m */ = {isa = PBXFileReference; fileEncoding = 4; lastKnownFileType = sourcecode.c.objc; path = FBShimmeringLayer.m; sourceTree = "<group>"; };
		DAE786781BA486E00077EAA2 /* FBShimmeringView.h */ = {isa = PBXFileReference; fileEncoding = 4; lastKnownFileType = sourcecode.c.h; path = FBShimmeringView.h; sourceTree = "<group>"; };
		DAE786791BA486E00077EAA2 /* FBShimmeringView.m */ = {isa = PBXFileReference; fileEncoding = 4; lastKnownFileType = sourcecode.c.objc; path = FBShimmeringView.m; sourceTree = "<group>"; };
		DAE7867D1BA487830077EAA2 /* PulsingHaloLayer.h */ = {isa = PBXFileReference; fileEncoding = 4; lastKnownFileType = sourcecode.c.h; path = PulsingHaloLayer.h; sourceTree = "<group>"; };
		DAE7867E1BA487830077EAA2 /* PulsingHaloLayer.m */ = {isa = PBXFileReference; fileEncoding = 4; lastKnownFileType = sourcecode.c.objc; path = PulsingHaloLayer.m; sourceTree = "<group>"; };
		DAE786821BA87F310077EAA2 /* ImageIO.framework */ = {isa = PBXFileReference; lastKnownFileType = wrapper.framework; name = ImageIO.framework; path = System/Library/Frameworks/ImageIO.framework; sourceTree = SDKROOT; };
		DAE786881BA90A100077EAA2 /* ViewControllerUtils.swift */ = {isa = PBXFileReference; fileEncoding = 4; lastKnownFileType = sourcecode.swift; path = ViewControllerUtils.swift; sourceTree = "<group>"; };
		DAE7868A1BA911250077EAA2 /* loaddataViewController.swift */ = {isa = PBXFileReference; fileEncoding = 4; lastKnownFileType = sourcecode.swift; name = loaddataViewController.swift; path = ../loaddataViewController.swift; sourceTree = "<group>"; };
		DAE786EC1BAC799A0077EAA2 /* PagedScrollViewController.swift */ = {isa = PBXFileReference; fileEncoding = 4; lastKnownFileType = sourcecode.swift; path = PagedScrollViewController.swift; sourceTree = "<group>"; };
		DAE786EE1BAC799B0077EAA2 /* ScrollViewContainer.swift */ = {isa = PBXFileReference; fileEncoding = 4; lastKnownFileType = sourcecode.swift; path = ScrollViewContainer.swift; sourceTree = "<group>"; };
		DAE786F71BAE3C780077EAA2 /* PopUpViewControllerSwift.swift */ = {isa = PBXFileReference; fileEncoding = 4; lastKnownFileType = sourcecode.swift; path = PopUpViewControllerSwift.swift; sourceTree = "<group>"; };
		DAEDC8891B7EB20700258E30 /* NSDate+Utilities.h */ = {isa = PBXFileReference; fileEncoding = 4; lastKnownFileType = sourcecode.c.h; path = "NSDate+Utilities.h"; sourceTree = "<group>"; };
		DAEDC88A1B7EB20700258E30 /* NSDate+Utilities.m */ = {isa = PBXFileReference; fileEncoding = 4; lastKnownFileType = sourcecode.c.objc; path = "NSDate+Utilities.m"; sourceTree = "<group>"; };
		DAF94C811B7981F5004D2660 /* Swapit.app */ = {isa = PBXFileReference; explicitFileType = wrapper.application; includeInIndex = 0; path = Swapit.app; sourceTree = BUILT_PRODUCTS_DIR; };
		DAF94C851B7981F6004D2660 /* Info.plist */ = {isa = PBXFileReference; lastKnownFileType = text.plist.xml; path = Info.plist; sourceTree = "<group>"; };
		DAF94C861B7981F6004D2660 /* AppDelegate.swift */ = {isa = PBXFileReference; lastKnownFileType = sourcecode.swift; path = AppDelegate.swift; sourceTree = "<group>"; };
		DAF94C891B7981F6004D2660 /* Swapit.xcdatamodel */ = {isa = PBXFileReference; lastKnownFileType = wrapper.xcdatamodel; path = Swapit.xcdatamodel; sourceTree = "<group>"; };
		DAF94C8E1B7981F6004D2660 /* Base */ = {isa = PBXFileReference; lastKnownFileType = file.storyboard; name = Base; path = Base.lproj/Main.storyboard; sourceTree = "<group>"; };
		DAF94C901B7981F6004D2660 /* Images.xcassets */ = {isa = PBXFileReference; lastKnownFileType = folder.assetcatalog; path = Images.xcassets; sourceTree = "<group>"; };
		DAF94C931B7981F6004D2660 /* Base */ = {isa = PBXFileReference; lastKnownFileType = file.xib; name = Base; path = Base.lproj/LaunchScreen.xib; sourceTree = "<group>"; };
		DAF94C991B7981F6004D2660 /* SwapitTests.xctest */ = {isa = PBXFileReference; explicitFileType = wrapper.cfbundle; includeInIndex = 0; path = SwapitTests.xctest; sourceTree = BUILT_PRODUCTS_DIR; };
		DAF94C9E1B7981F6004D2660 /* Info.plist */ = {isa = PBXFileReference; lastKnownFileType = text.plist.xml; path = Info.plist; sourceTree = "<group>"; };
		DAF94C9F1B7981F6004D2660 /* SwapitTests.swift */ = {isa = PBXFileReference; lastKnownFileType = sourcecode.swift; path = SwapitTests.swift; sourceTree = "<group>"; };
		DAF94CA91B7983C9004D2660 /* Bolts.framework */ = {isa = PBXFileReference; lastKnownFileType = wrapper.framework; name = Bolts.framework; path = Swapit/Bolts.framework; sourceTree = "<group>"; };
		DAF94CAA1B7983C9004D2660 /* Parse.framework */ = {isa = PBXFileReference; lastKnownFileType = wrapper.framework; name = Parse.framework; path = Swapit/Parse.framework; sourceTree = "<group>"; };
		DAF94CAB1B7983C9004D2660 /* ParseCrashReporting.framework */ = {isa = PBXFileReference; lastKnownFileType = wrapper.framework; name = ParseCrashReporting.framework; path = Swapit/ParseCrashReporting.framework; sourceTree = "<group>"; };
		DAF94CAC1B7983C9004D2660 /* ParseFacebookUtils.framework */ = {isa = PBXFileReference; lastKnownFileType = wrapper.framework; name = ParseFacebookUtils.framework; path = Swapit/ParseFacebookUtils.framework; sourceTree = "<group>"; };
		DAF94CAD1B7983C9004D2660 /* ParseFacebookUtilsV4.framework */ = {isa = PBXFileReference; lastKnownFileType = wrapper.framework; name = ParseFacebookUtilsV4.framework; path = Swapit/ParseFacebookUtilsV4.framework; sourceTree = "<group>"; };
		DAF94CAE1B7983C9004D2660 /* ParseUI.framework */ = {isa = PBXFileReference; lastKnownFileType = wrapper.framework; name = ParseUI.framework; path = Swapit/ParseUI.framework; sourceTree = "<group>"; };
		DAF94CB51B7A03F0004D2660 /* AudioToolbox.framework */ = {isa = PBXFileReference; lastKnownFileType = wrapper.framework; name = AudioToolbox.framework; path = System/Library/Frameworks/AudioToolbox.framework; sourceTree = SDKROOT; };
		DAF94CB71B7A03F5004D2660 /* CFNetwork.framework */ = {isa = PBXFileReference; lastKnownFileType = wrapper.framework; name = CFNetwork.framework; path = System/Library/Frameworks/CFNetwork.framework; sourceTree = SDKROOT; };
		DAF94CB91B7A03FB004D2660 /* CoreGraphics.framework */ = {isa = PBXFileReference; lastKnownFileType = wrapper.framework; name = CoreGraphics.framework; path = System/Library/Frameworks/CoreGraphics.framework; sourceTree = SDKROOT; };
		DAF94CBB1B7A0401004D2660 /* CoreLocation.framework */ = {isa = PBXFileReference; lastKnownFileType = wrapper.framework; name = CoreLocation.framework; path = System/Library/Frameworks/CoreLocation.framework; sourceTree = SDKROOT; };
		DAF94CBD1B7A0408004D2660 /* QuartzCore.framework */ = {isa = PBXFileReference; lastKnownFileType = wrapper.framework; name = QuartzCore.framework; path = System/Library/Frameworks/QuartzCore.framework; sourceTree = SDKROOT; };
		DAF94CBF1B7A040F004D2660 /* Security.framework */ = {isa = PBXFileReference; lastKnownFileType = wrapper.framework; name = Security.framework; path = System/Library/Frameworks/Security.framework; sourceTree = SDKROOT; };
		DAF94CC31B7A041F004D2660 /* SystemConfiguration.framework */ = {isa = PBXFileReference; lastKnownFileType = wrapper.framework; name = SystemConfiguration.framework; path = System/Library/Frameworks/SystemConfiguration.framework; sourceTree = SDKROOT; };
		DAF94CC51B7A0428004D2660 /* libz.dylib */ = {isa = PBXFileReference; lastKnownFileType = "compiled.mach-o.dylib"; name = libz.dylib; path = usr/lib/libz.dylib; sourceTree = SDKROOT; };
		DAF94CC71B7A0430004D2660 /* libsqlite3.dylib */ = {isa = PBXFileReference; lastKnownFileType = "compiled.mach-o.dylib"; name = libsqlite3.dylib; path = usr/lib/libsqlite3.dylib; sourceTree = SDKROOT; };
		DAF94CC91B7A043A004D2660 /* Accounts.framework */ = {isa = PBXFileReference; lastKnownFileType = wrapper.framework; name = Accounts.framework; path = System/Library/Frameworks/Accounts.framework; sourceTree = SDKROOT; };
		DAF94CCB1B7A043F004D2660 /* Social.framework */ = {isa = PBXFileReference; lastKnownFileType = wrapper.framework; name = Social.framework; path = System/Library/Frameworks/Social.framework; sourceTree = SDKROOT; };
		DAF94CD51B7A0B4B004D2660 /* JSQSystemSoundPlayer.h */ = {isa = PBXFileReference; fileEncoding = 4; lastKnownFileType = sourcecode.c.h; path = JSQSystemSoundPlayer.h; sourceTree = "<group>"; };
		DAF94CD61B7A0B4B004D2660 /* JSQSystemSoundPlayer.m */ = {isa = PBXFileReference; fileEncoding = 4; lastKnownFileType = sourcecode.c.objc; path = JSQSystemSoundPlayer.m; sourceTree = "<group>"; };
		DAF94CE51B7A1027004D2660 /* Swift-bridge.h */ = {isa = PBXFileReference; fileEncoding = 4; lastKnownFileType = sourcecode.c.h; name = "Swift-bridge.h"; path = "../Swift-bridge.h"; sourceTree = "<group>"; };
		DAF94CED1B7A12EB004D2660 /* JSQMessagesAssets.bundle */ = {isa = PBXFileReference; lastKnownFileType = "wrapper.plug-in"; path = JSQMessagesAssets.bundle; sourceTree = "<group>"; };
		DAF94CEF1B7A12EB004D2660 /* JSQSystemSoundPlayer+JSQMessages.h */ = {isa = PBXFileReference; fileEncoding = 4; lastKnownFileType = sourcecode.c.h; path = "JSQSystemSoundPlayer+JSQMessages.h"; sourceTree = "<group>"; };
		DAF94CF01B7A12EB004D2660 /* JSQSystemSoundPlayer+JSQMessages.m */ = {isa = PBXFileReference; fileEncoding = 4; lastKnownFileType = sourcecode.c.objc; path = "JSQSystemSoundPlayer+JSQMessages.m"; sourceTree = "<group>"; };
		DAF94CF11B7A12EB004D2660 /* NSBundle+JSQMessages.h */ = {isa = PBXFileReference; fileEncoding = 4; lastKnownFileType = sourcecode.c.h; path = "NSBundle+JSQMessages.h"; sourceTree = "<group>"; };
		DAF94CF21B7A12EB004D2660 /* NSBundle+JSQMessages.m */ = {isa = PBXFileReference; fileEncoding = 4; lastKnownFileType = sourcecode.c.objc; path = "NSBundle+JSQMessages.m"; sourceTree = "<group>"; };
		DAF94CF31B7A12EB004D2660 /* NSString+JSQMessages.h */ = {isa = PBXFileReference; fileEncoding = 4; lastKnownFileType = sourcecode.c.h; path = "NSString+JSQMessages.h"; sourceTree = "<group>"; };
		DAF94CF41B7A12EB004D2660 /* NSString+JSQMessages.m */ = {isa = PBXFileReference; fileEncoding = 4; lastKnownFileType = sourcecode.c.objc; path = "NSString+JSQMessages.m"; sourceTree = "<group>"; };
		DAF94CF51B7A12EC004D2660 /* UIColor+JSQMessages.h */ = {isa = PBXFileReference; fileEncoding = 4; lastKnownFileType = sourcecode.c.h; path = "UIColor+JSQMessages.h"; sourceTree = "<group>"; };
		DAF94CF61B7A12EC004D2660 /* UIColor+JSQMessages.m */ = {isa = PBXFileReference; fileEncoding = 4; lastKnownFileType = sourcecode.c.objc; path = "UIColor+JSQMessages.m"; sourceTree = "<group>"; };
		DAF94CF71B7A12EC004D2660 /* UIDevice+JSQMessages.h */ = {isa = PBXFileReference; fileEncoding = 4; lastKnownFileType = sourcecode.c.h; path = "UIDevice+JSQMessages.h"; sourceTree = "<group>"; };
		DAF94CF81B7A12EC004D2660 /* UIDevice+JSQMessages.m */ = {isa = PBXFileReference; fileEncoding = 4; lastKnownFileType = sourcecode.c.objc; path = "UIDevice+JSQMessages.m"; sourceTree = "<group>"; };
		DAF94CF91B7A12EC004D2660 /* UIImage+JSQMessages.h */ = {isa = PBXFileReference; fileEncoding = 4; lastKnownFileType = sourcecode.c.h; path = "UIImage+JSQMessages.h"; sourceTree = "<group>"; };
		DAF94CFA1B7A12EC004D2660 /* UIImage+JSQMessages.m */ = {isa = PBXFileReference; fileEncoding = 4; lastKnownFileType = sourcecode.c.objc; path = "UIImage+JSQMessages.m"; sourceTree = "<group>"; };
		DAF94CFB1B7A12EC004D2660 /* UIView+JSQMessages.h */ = {isa = PBXFileReference; fileEncoding = 4; lastKnownFileType = sourcecode.c.h; path = "UIView+JSQMessages.h"; sourceTree = "<group>"; };
		DAF94CFC1B7A12EC004D2660 /* UIView+JSQMessages.m */ = {isa = PBXFileReference; fileEncoding = 4; lastKnownFileType = sourcecode.c.objc; path = "UIView+JSQMessages.m"; sourceTree = "<group>"; };
		DAF94CFE1B7A12EC004D2660 /* JSQMessagesKeyboardController.h */ = {isa = PBXFileReference; fileEncoding = 4; lastKnownFileType = sourcecode.c.h; path = JSQMessagesKeyboardController.h; sourceTree = "<group>"; };
		DAF94CFF1B7A12EC004D2660 /* JSQMessagesKeyboardController.m */ = {isa = PBXFileReference; fileEncoding = 4; lastKnownFileType = sourcecode.c.objc; path = JSQMessagesKeyboardController.m; sourceTree = "<group>"; };
		DAF94D001B7A12EC004D2660 /* JSQMessagesViewController.h */ = {isa = PBXFileReference; fileEncoding = 4; lastKnownFileType = sourcecode.c.h; path = JSQMessagesViewController.h; sourceTree = "<group>"; };
		DAF94D011B7A12EC004D2660 /* JSQMessagesViewController.m */ = {isa = PBXFileReference; fileEncoding = 4; lastKnownFileType = sourcecode.c.objc; path = JSQMessagesViewController.m; sourceTree = "<group>"; };
		DAF94D021B7A12EC004D2660 /* JSQMessagesViewController.xib */ = {isa = PBXFileReference; fileEncoding = 4; lastKnownFileType = file.xib; path = JSQMessagesViewController.xib; sourceTree = "<group>"; };
		DAF94D041B7A12EC004D2660 /* JSQMessagesAvatarImageFactory.h */ = {isa = PBXFileReference; fileEncoding = 4; lastKnownFileType = sourcecode.c.h; path = JSQMessagesAvatarImageFactory.h; sourceTree = "<group>"; };
		DAF94D051B7A12EC004D2660 /* JSQMessagesAvatarImageFactory.m */ = {isa = PBXFileReference; fileEncoding = 4; lastKnownFileType = sourcecode.c.objc; path = JSQMessagesAvatarImageFactory.m; sourceTree = "<group>"; };
		DAF94D061B7A12EC004D2660 /* JSQMessagesBubbleImageFactory.h */ = {isa = PBXFileReference; fileEncoding = 4; lastKnownFileType = sourcecode.c.h; path = JSQMessagesBubbleImageFactory.h; sourceTree = "<group>"; };
		DAF94D071B7A12EC004D2660 /* JSQMessagesBubbleImageFactory.m */ = {isa = PBXFileReference; fileEncoding = 4; lastKnownFileType = sourcecode.c.objc; path = JSQMessagesBubbleImageFactory.m; sourceTree = "<group>"; };
		DAF94D081B7A12EC004D2660 /* JSQMessagesMediaViewBubbleImageMasker.h */ = {isa = PBXFileReference; fileEncoding = 4; lastKnownFileType = sourcecode.c.h; path = JSQMessagesMediaViewBubbleImageMasker.h; sourceTree = "<group>"; };
		DAF94D091B7A12EC004D2660 /* JSQMessagesMediaViewBubbleImageMasker.m */ = {isa = PBXFileReference; fileEncoding = 4; lastKnownFileType = sourcecode.c.objc; path = JSQMessagesMediaViewBubbleImageMasker.m; sourceTree = "<group>"; };
		DAF94D0A1B7A12EC004D2660 /* JSQMessagesTimestampFormatter.h */ = {isa = PBXFileReference; fileEncoding = 4; lastKnownFileType = sourcecode.c.h; path = JSQMessagesTimestampFormatter.h; sourceTree = "<group>"; };
		DAF94D0B1B7A12EC004D2660 /* JSQMessagesTimestampFormatter.m */ = {isa = PBXFileReference; fileEncoding = 4; lastKnownFileType = sourcecode.c.objc; path = JSQMessagesTimestampFormatter.m; sourceTree = "<group>"; };
		DAF94D0C1B7A12EC004D2660 /* JSQMessagesToolbarButtonFactory.h */ = {isa = PBXFileReference; fileEncoding = 4; lastKnownFileType = sourcecode.c.h; path = JSQMessagesToolbarButtonFactory.h; sourceTree = "<group>"; };
		DAF94D0D1B7A12EC004D2660 /* JSQMessagesToolbarButtonFactory.m */ = {isa = PBXFileReference; fileEncoding = 4; lastKnownFileType = sourcecode.c.objc; path = JSQMessagesToolbarButtonFactory.m; sourceTree = "<group>"; };
		DAF94D0E1B7A12EC004D2660 /* JSQMessages.h */ = {isa = PBXFileReference; fileEncoding = 4; lastKnownFileType = sourcecode.c.h; path = JSQMessages.h; sourceTree = "<group>"; };
		DAF94D101B7A12EC004D2660 /* JSQMessagesCollectionViewFlowLayout.h */ = {isa = PBXFileReference; fileEncoding = 4; lastKnownFileType = sourcecode.c.h; path = JSQMessagesCollectionViewFlowLayout.h; sourceTree = "<group>"; };
		DAF94D111B7A12EC004D2660 /* JSQMessagesCollectionViewFlowLayout.m */ = {isa = PBXFileReference; fileEncoding = 4; lastKnownFileType = sourcecode.c.objc; path = JSQMessagesCollectionViewFlowLayout.m; sourceTree = "<group>"; };
		DAF94D121B7A12EC004D2660 /* JSQMessagesCollectionViewFlowLayoutInvalidationContext.h */ = {isa = PBXFileReference; fileEncoding = 4; lastKnownFileType = sourcecode.c.h; path = JSQMessagesCollectionViewFlowLayoutInvalidationContext.h; sourceTree = "<group>"; };
		DAF94D131B7A12EC004D2660 /* JSQMessagesCollectionViewFlowLayoutInvalidationContext.m */ = {isa = PBXFileReference; fileEncoding = 4; lastKnownFileType = sourcecode.c.objc; path = JSQMessagesCollectionViewFlowLayoutInvalidationContext.m; sourceTree = "<group>"; };
		DAF94D141B7A12EC004D2660 /* JSQMessagesCollectionViewLayoutAttributes.h */ = {isa = PBXFileReference; fileEncoding = 4; lastKnownFileType = sourcecode.c.h; path = JSQMessagesCollectionViewLayoutAttributes.h; sourceTree = "<group>"; };
		DAF94D151B7A12EC004D2660 /* JSQMessagesCollectionViewLayoutAttributes.m */ = {isa = PBXFileReference; fileEncoding = 4; lastKnownFileType = sourcecode.c.objc; path = JSQMessagesCollectionViewLayoutAttributes.m; sourceTree = "<group>"; };
		DAF94D171B7A12EC004D2660 /* JSQLocationMediaItem.h */ = {isa = PBXFileReference; fileEncoding = 4; lastKnownFileType = sourcecode.c.h; path = JSQLocationMediaItem.h; sourceTree = "<group>"; };
		DAF94D181B7A12EC004D2660 /* JSQLocationMediaItem.m */ = {isa = PBXFileReference; fileEncoding = 4; lastKnownFileType = sourcecode.c.objc; path = JSQLocationMediaItem.m; sourceTree = "<group>"; };
		DAF94D191B7A12EC004D2660 /* JSQMediaItem.h */ = {isa = PBXFileReference; fileEncoding = 4; lastKnownFileType = sourcecode.c.h; path = JSQMediaItem.h; sourceTree = "<group>"; };
		DAF94D1A1B7A12EC004D2660 /* JSQMediaItem.m */ = {isa = PBXFileReference; fileEncoding = 4; lastKnownFileType = sourcecode.c.objc; path = JSQMediaItem.m; sourceTree = "<group>"; };
		DAF94D1B1B7A12EC004D2660 /* JSQMessage.h */ = {isa = PBXFileReference; fileEncoding = 4; lastKnownFileType = sourcecode.c.h; path = JSQMessage.h; sourceTree = "<group>"; };
		DAF94D1C1B7A12EC004D2660 /* JSQMessage.m */ = {isa = PBXFileReference; fileEncoding = 4; lastKnownFileType = sourcecode.c.objc; path = JSQMessage.m; sourceTree = "<group>"; };
		DAF94D1D1B7A12EC004D2660 /* JSQMessageAvatarImageDataSource.h */ = {isa = PBXFileReference; fileEncoding = 4; lastKnownFileType = sourcecode.c.h; path = JSQMessageAvatarImageDataSource.h; sourceTree = "<group>"; };
		DAF94D1E1B7A12EC004D2660 /* JSQMessageBubbleImageDataSource.h */ = {isa = PBXFileReference; fileEncoding = 4; lastKnownFileType = sourcecode.c.h; path = JSQMessageBubbleImageDataSource.h; sourceTree = "<group>"; };
		DAF94D1F1B7A12EC004D2660 /* JSQMessageData.h */ = {isa = PBXFileReference; fileEncoding = 4; lastKnownFileType = sourcecode.c.h; path = JSQMessageData.h; sourceTree = "<group>"; };
		DAF94D201B7A12EC004D2660 /* JSQMessageMediaData.h */ = {isa = PBXFileReference; fileEncoding = 4; lastKnownFileType = sourcecode.c.h; path = JSQMessageMediaData.h; sourceTree = "<group>"; };
		DAF94D211B7A12EC004D2660 /* JSQMessagesAvatarImage.h */ = {isa = PBXFileReference; fileEncoding = 4; lastKnownFileType = sourcecode.c.h; path = JSQMessagesAvatarImage.h; sourceTree = "<group>"; };
		DAF94D221B7A12EC004D2660 /* JSQMessagesAvatarImage.m */ = {isa = PBXFileReference; fileEncoding = 4; lastKnownFileType = sourcecode.c.objc; path = JSQMessagesAvatarImage.m; sourceTree = "<group>"; };
		DAF94D231B7A12EC004D2660 /* JSQMessagesBubbleImage.h */ = {isa = PBXFileReference; fileEncoding = 4; lastKnownFileType = sourcecode.c.h; path = JSQMessagesBubbleImage.h; sourceTree = "<group>"; };
		DAF94D241B7A12EC004D2660 /* JSQMessagesBubbleImage.m */ = {isa = PBXFileReference; fileEncoding = 4; lastKnownFileType = sourcecode.c.objc; path = JSQMessagesBubbleImage.m; sourceTree = "<group>"; };
		DAF94D251B7A12EC004D2660 /* JSQMessagesCollectionViewDataSource.h */ = {isa = PBXFileReference; fileEncoding = 4; lastKnownFileType = sourcecode.c.h; path = JSQMessagesCollectionViewDataSource.h; sourceTree = "<group>"; };
		DAF94D261B7A12EC004D2660 /* JSQMessagesCollectionViewDelegateFlowLayout.h */ = {isa = PBXFileReference; fileEncoding = 4; lastKnownFileType = sourcecode.c.h; path = JSQMessagesCollectionViewDelegateFlowLayout.h; sourceTree = "<group>"; };
		DAF94D271B7A12EC004D2660 /* JSQPhotoMediaItem.h */ = {isa = PBXFileReference; fileEncoding = 4; lastKnownFileType = sourcecode.c.h; path = JSQPhotoMediaItem.h; sourceTree = "<group>"; };
		DAF94D281B7A12EC004D2660 /* JSQPhotoMediaItem.m */ = {isa = PBXFileReference; fileEncoding = 4; lastKnownFileType = sourcecode.c.objc; path = JSQPhotoMediaItem.m; sourceTree = "<group>"; };
		DAF94D291B7A12EC004D2660 /* JSQVideoMediaItem.h */ = {isa = PBXFileReference; fileEncoding = 4; lastKnownFileType = sourcecode.c.h; path = JSQVideoMediaItem.h; sourceTree = "<group>"; };
		DAF94D2A1B7A12EC004D2660 /* JSQVideoMediaItem.m */ = {isa = PBXFileReference; fileEncoding = 4; lastKnownFileType = sourcecode.c.objc; path = JSQVideoMediaItem.m; sourceTree = "<group>"; };
		DAF94D2C1B7A12EC004D2660 /* JSQMessagesCellTextView.h */ = {isa = PBXFileReference; fileEncoding = 4; lastKnownFileType = sourcecode.c.h; path = JSQMessagesCellTextView.h; sourceTree = "<group>"; };
		DAF94D2D1B7A12EC004D2660 /* JSQMessagesCellTextView.m */ = {isa = PBXFileReference; fileEncoding = 4; lastKnownFileType = sourcecode.c.objc; path = JSQMessagesCellTextView.m; sourceTree = "<group>"; };
		DAF94D2E1B7A12EC004D2660 /* JSQMessagesCollectionView.h */ = {isa = PBXFileReference; fileEncoding = 4; lastKnownFileType = sourcecode.c.h; path = JSQMessagesCollectionView.h; sourceTree = "<group>"; };
		DAF94D2F1B7A12EC004D2660 /* JSQMessagesCollectionView.m */ = {isa = PBXFileReference; fileEncoding = 4; lastKnownFileType = sourcecode.c.objc; path = JSQMessagesCollectionView.m; sourceTree = "<group>"; };
		DAF94D301B7A12EC004D2660 /* JSQMessagesCollectionViewCell.h */ = {isa = PBXFileReference; fileEncoding = 4; lastKnownFileType = sourcecode.c.h; path = JSQMessagesCollectionViewCell.h; sourceTree = "<group>"; };
		DAF94D311B7A12EC004D2660 /* JSQMessagesCollectionViewCell.m */ = {isa = PBXFileReference; fileEncoding = 4; lastKnownFileType = sourcecode.c.objc; path = JSQMessagesCollectionViewCell.m; sourceTree = "<group>"; };
		DAF94D321B7A12EC004D2660 /* JSQMessagesCollectionViewCellIncoming.h */ = {isa = PBXFileReference; fileEncoding = 4; lastKnownFileType = sourcecode.c.h; path = JSQMessagesCollectionViewCellIncoming.h; sourceTree = "<group>"; };
		DAF94D331B7A12EC004D2660 /* JSQMessagesCollectionViewCellIncoming.m */ = {isa = PBXFileReference; fileEncoding = 4; lastKnownFileType = sourcecode.c.objc; path = JSQMessagesCollectionViewCellIncoming.m; sourceTree = "<group>"; };
		DAF94D341B7A12EC004D2660 /* JSQMessagesCollectionViewCellIncoming.xib */ = {isa = PBXFileReference; fileEncoding = 4; lastKnownFileType = file.xib; path = JSQMessagesCollectionViewCellIncoming.xib; sourceTree = "<group>"; };
		DAF94D351B7A12EC004D2660 /* JSQMessagesCollectionViewCellOutgoing.h */ = {isa = PBXFileReference; fileEncoding = 4; lastKnownFileType = sourcecode.c.h; path = JSQMessagesCollectionViewCellOutgoing.h; sourceTree = "<group>"; };
		DAF94D361B7A12EC004D2660 /* JSQMessagesCollectionViewCellOutgoing.m */ = {isa = PBXFileReference; fileEncoding = 4; lastKnownFileType = sourcecode.c.objc; path = JSQMessagesCollectionViewCellOutgoing.m; sourceTree = "<group>"; };
		DAF94D371B7A12EC004D2660 /* JSQMessagesCollectionViewCellOutgoing.xib */ = {isa = PBXFileReference; fileEncoding = 4; lastKnownFileType = file.xib; path = JSQMessagesCollectionViewCellOutgoing.xib; sourceTree = "<group>"; };
		DAF94D381B7A12EC004D2660 /* JSQMessagesComposerTextView.h */ = {isa = PBXFileReference; fileEncoding = 4; lastKnownFileType = sourcecode.c.h; path = JSQMessagesComposerTextView.h; sourceTree = "<group>"; };
		DAF94D391B7A12EC004D2660 /* JSQMessagesComposerTextView.m */ = {isa = PBXFileReference; fileEncoding = 4; lastKnownFileType = sourcecode.c.objc; path = JSQMessagesComposerTextView.m; sourceTree = "<group>"; };
		DAF94D3A1B7A12EC004D2660 /* JSQMessagesInputToolbar.h */ = {isa = PBXFileReference; fileEncoding = 4; lastKnownFileType = sourcecode.c.h; path = JSQMessagesInputToolbar.h; sourceTree = "<group>"; };
		DAF94D3B1B7A12EC004D2660 /* JSQMessagesInputToolbar.m */ = {isa = PBXFileReference; fileEncoding = 4; lastKnownFileType = sourcecode.c.objc; path = JSQMessagesInputToolbar.m; sourceTree = "<group>"; };
		DAF94D3C1B7A12EC004D2660 /* JSQMessagesLabel.h */ = {isa = PBXFileReference; fileEncoding = 4; lastKnownFileType = sourcecode.c.h; path = JSQMessagesLabel.h; sourceTree = "<group>"; };
		DAF94D3D1B7A12EC004D2660 /* JSQMessagesLabel.m */ = {isa = PBXFileReference; fileEncoding = 4; lastKnownFileType = sourcecode.c.objc; path = JSQMessagesLabel.m; sourceTree = "<group>"; };
		DAF94D3E1B7A12EC004D2660 /* JSQMessagesLoadEarlierHeaderView.h */ = {isa = PBXFileReference; fileEncoding = 4; lastKnownFileType = sourcecode.c.h; path = JSQMessagesLoadEarlierHeaderView.h; sourceTree = "<group>"; };
		DAF94D3F1B7A12EC004D2660 /* JSQMessagesLoadEarlierHeaderView.m */ = {isa = PBXFileReference; fileEncoding = 4; lastKnownFileType = sourcecode.c.objc; path = JSQMessagesLoadEarlierHeaderView.m; sourceTree = "<group>"; };
		DAF94D401B7A12EC004D2660 /* JSQMessagesLoadEarlierHeaderView.xib */ = {isa = PBXFileReference; fileEncoding = 4; lastKnownFileType = file.xib; path = JSQMessagesLoadEarlierHeaderView.xib; sourceTree = "<group>"; };
		DAF94D411B7A12EC004D2660 /* JSQMessagesMediaPlaceholderView.h */ = {isa = PBXFileReference; fileEncoding = 4; lastKnownFileType = sourcecode.c.h; path = JSQMessagesMediaPlaceholderView.h; sourceTree = "<group>"; };
		DAF94D421B7A12EC004D2660 /* JSQMessagesMediaPlaceholderView.m */ = {isa = PBXFileReference; fileEncoding = 4; lastKnownFileType = sourcecode.c.objc; path = JSQMessagesMediaPlaceholderView.m; sourceTree = "<group>"; };
		DAF94D431B7A12EC004D2660 /* JSQMessagesToolbarContentView.h */ = {isa = PBXFileReference; fileEncoding = 4; lastKnownFileType = sourcecode.c.h; path = JSQMessagesToolbarContentView.h; sourceTree = "<group>"; };
		DAF94D441B7A12EC004D2660 /* JSQMessagesToolbarContentView.m */ = {isa = PBXFileReference; fileEncoding = 4; lastKnownFileType = sourcecode.c.objc; path = JSQMessagesToolbarContentView.m; sourceTree = "<group>"; };
		DAF94D451B7A12EC004D2660 /* JSQMessagesToolbarContentView.xib */ = {isa = PBXFileReference; fileEncoding = 4; lastKnownFileType = file.xib; path = JSQMessagesToolbarContentView.xib; sourceTree = "<group>"; };
		DAF94D461B7A12EC004D2660 /* JSQMessagesTypingIndicatorFooterView.h */ = {isa = PBXFileReference; fileEncoding = 4; lastKnownFileType = sourcecode.c.h; path = JSQMessagesTypingIndicatorFooterView.h; sourceTree = "<group>"; };
		DAF94D471B7A12EC004D2660 /* JSQMessagesTypingIndicatorFooterView.m */ = {isa = PBXFileReference; fileEncoding = 4; lastKnownFileType = sourcecode.c.objc; path = JSQMessagesTypingIndicatorFooterView.m; sourceTree = "<group>"; };
		DAF94D481B7A12EC004D2660 /* JSQMessagesTypingIndicatorFooterView.xib */ = {isa = PBXFileReference; fileEncoding = 4; lastKnownFileType = file.xib; path = JSQMessagesTypingIndicatorFooterView.xib; sourceTree = "<group>"; };
		DAF94D741B7AF27F004D2660 /* LogginViewContoller.swift */ = {isa = PBXFileReference; fileEncoding = 4; lastKnownFileType = sourcecode.swift; path = LogginViewContoller.swift; sourceTree = "<group>"; };
		DAF94D7C1B7B58EA004D2660 /* OverViewTableViewController.swift */ = {isa = PBXFileReference; fileEncoding = 4; lastKnownFileType = sourcecode.swift; path = OverViewTableViewController.swift; sourceTree = "<group>"; };
		DAF94D7E1B7B5F10004D2660 /* ChooseTableViewController.swift */ = {isa = PBXFileReference; fileEncoding = 4; lastKnownFileType = sourcecode.swift; path = ChooseTableViewController.swift; sourceTree = "<group>"; };
		DAF94D801B7CB3B8004D2660 /* OverviewTableViewCell.swift */ = {isa = PBXFileReference; fileEncoding = 4; lastKnownFileType = sourcecode.swift; name = OverviewTableViewCell.swift; path = "../../../Documents/untitled folder/OverviewTableViewCell.swift"; sourceTree = "<group>"; };
		DAF94D821B7D03A4004D2660 /* MessageViewController.swift */ = {isa = PBXFileReference; fileEncoding = 4; lastKnownFileType = sourcecode.swift; path = MessageViewController.swift; sourceTree = "<group>"; };
/* End PBXFileReference section */

/* Begin PBXFrameworksBuildPhase section */
		DAF94C7E1B7981F5004D2660 /* Frameworks */ = {
			isa = PBXFrameworksBuildPhase;
			buildActionMask = 2147483647;
			files = (
				DAE786831BA87F310077EAA2 /* ImageIO.framework in Frameworks */,
				DAF94CCC1B7A043F004D2660 /* Social.framework in Frameworks */,
				DAF94CCA1B7A043A004D2660 /* Accounts.framework in Frameworks */,
				DAF94CC81B7A0430004D2660 /* libsqlite3.dylib in Frameworks */,
				DAF94CC61B7A0428004D2660 /* libz.dylib in Frameworks */,
				DAF94CC41B7A041F004D2660 /* SystemConfiguration.framework in Frameworks */,
				DAF94CC01B7A040F004D2660 /* Security.framework in Frameworks */,
				DAA95FD31BF577350025A75C /* StoreKit.framework in Frameworks */,
				DAF94CBE1B7A0408004D2660 /* QuartzCore.framework in Frameworks */,
				DAF94CBC1B7A0401004D2660 /* CoreLocation.framework in Frameworks */,
				DAF94CBA1B7A03FB004D2660 /* CoreGraphics.framework in Frameworks */,
				DAF94CB81B7A03F5004D2660 /* CFNetwork.framework in Frameworks */,
				DAF94CB61B7A03F0004D2660 /* AudioToolbox.framework in Frameworks */,
				DAF94CB41B7983C9004D2660 /* ParseUI.framework in Frameworks */,
				DAF94CB01B7983C9004D2660 /* Parse.framework in Frameworks */,
				DAF94CB11B7983C9004D2660 /* ParseCrashReporting.framework in Frameworks */,
				DAF94CB21B7983C9004D2660 /* ParseFacebookUtils.framework in Frameworks */,
				DAF94CAF1B7983C9004D2660 /* Bolts.framework in Frameworks */,
				DAF94CB31B7983C9004D2660 /* ParseFacebookUtilsV4.framework in Frameworks */,
				295CC0E633ACC2FB26DBF330 /* Pods.framework in Frameworks */,
			);
			runOnlyForDeploymentPostprocessing = 0;
		};
		DAF94C961B7981F6004D2660 /* Frameworks */ = {
			isa = PBXFrameworksBuildPhase;
			buildActionMask = 2147483647;
			files = (
			);
			runOnlyForDeploymentPostprocessing = 0;
		};
/* End PBXFrameworksBuildPhase section */

/* Begin PBXGroup section */
		988E4C82F2193E2DDDD24941 /* Frameworks */ = {
			isa = PBXGroup;
			children = (
				DAA95FD21BF577350025A75C /* StoreKit.framework */,
				DAE786821BA87F310077EAA2 /* ImageIO.framework */,
				837A97BFD1CA9F0BAD26B812 /* Pods.framework */,
			);
			name = Frameworks;
			sourceTree = "<group>";
		};
		DA3109411BAEE9BF00DD9F26 /* Setting */ = {
			isa = PBXGroup;
			children = (
				DA76EA341B955FE200B76458 /* SettingVCNav.swift */,
				DA76EA301B955C0900B76458 /* settingVC.swift */,
				DA5471311BE043DC002BAC80 /* aboutPageVC.swift */,
				DA76EA321B955CEB00B76458 /* RangeSlider.swift */,
			);
			name = Setting;
			path = ..;
			sourceTree = "<group>";
		};
		DA3109421BAF040D00DD9F26 /* Utils */ = {
			isa = PBXGroup;
			children = (
				DAE786F71BAE3C780077EAA2 /* PopUpViewControllerSwift.swift */,
				DA59FB2C1BD8A3C9006892FB /* ProgressHUD.swift */,
				DA59FB2A1BD8A2E4006892FB /* CozyLoadingActivity.swift */,
				DAA20E2A1BC8B22300E9DED6 /* LocationManager.swift */,
				DAE786881BA90A100077EAA2 /* ViewControllerUtils.swift */,
				DAE786EC1BAC799A0077EAA2 /* PagedScrollViewController.swift */,
			);
			name = Utils;
			path = ..;
			sourceTree = "<group>";
		};
		DA5364011B925B7800A5B911 /* Login&SignUp */ = {
			isa = PBXGroup;
			children = (
				DAE7868A1BA911250077EAA2 /* loaddataViewController.swift */,
				DA64DC681B80C65D00E5B7D3 /* SignUpTableViewController.swift */,
				DAF94D741B7AF27F004D2660 /* LogginViewContoller.swift */,
				DA5363FB1B8FB0A300A5B911 /* mainViewController.swift */,
				DA59FB301BDD2AFA006892FB /* background.jpg */,
			);
			name = "Login&SignUp";
			sourceTree = "<group>";
		};
		DAE7860D1B9DBB1F0077EAA2 /* photo Upload */ = {
			isa = PBXGroup;
			children = (
				DA76EA361B960B5100B76458 /* photoViewNav.swift */,
				DA5363BF1B860F0200A5B911 /* photoUploadPageVC.swift */,
			);
			name = "photo Upload";
			path = ..;
			sourceTree = "<group>";
		};
		DAE786221B9E21140077EAA2 /* SwipedItems */ = {
			isa = PBXGroup;
			children = (
				DAE786501B9E74AB0077EAA2 /* CHTCollectionViewWaterfallLayout.swift */,
				DAE786521B9E74E70077EAA2 /* NTWaterfallViewCell.swift */,
				DAE786531B9E74E70077EAA2 /* NTHorizontalPageViewCell.swift */,
				DAE786421B9E747B0077EAA2 /* NTWaterfallViewController.swift */,
				DAE786431B9E747B0077EAA2 /* NTNavigationController.swift */,
				DAE786441B9E747B0077EAA2 /* NTHorizontalPageViewController.swift */,
				DAE786481B9E748E0077EAA2 /* Extension.swift */,
				DAE786491B9E748E0077EAA2 /* NTTransition.swift */,
				DAE7864A1B9E748E0077EAA2 /* NTTransitionProtocol.swift */,
				DAE7864B1B9E748E0077EAA2 /* Macro.swift */,
			);
			name = SwipedItems;
			path = ..;
			sourceTree = "<group>";
		};
		DAE7867C1BA486E60077EAA2 /* FBShimmering */ = {
			isa = PBXGroup;
			children = (
				DAE786741BA486E00077EAA2 /* FBShimmering-Prefix.pch */,
				DAE786751BA486E00077EAA2 /* FBShimmering.h */,
				DAE786761BA486E00077EAA2 /* FBShimmeringLayer.h */,
				DAE786771BA486E00077EAA2 /* FBShimmeringLayer.m */,
				DAE786781BA486E00077EAA2 /* FBShimmeringView.h */,
				DAE786791BA486E00077EAA2 /* FBShimmeringView.m */,
			);
			name = FBShimmering;
			path = Swapit;
			sourceTree = "<group>";
		};
		DAF94C781B7981F5004D2660 = {
			isa = PBXGroup;
			children = (
				DA59FB261BD7FDBB006892FB /* myItemViewCell.swift */,
				DA59FB241BD7FD9E006892FB /* myItemView.swift */,
				DAA555931BD5EA91009719B5 /* viewProfileCell.swift */,
				DAA555911BD5E9DD009719B5 /* viewProfile.swift */,
				DAE786EE1BAC799B0077EAA2 /* ScrollViewContainer.swift */,
				DAF94C8D1B7981F6004D2660 /* Main.storyboard */,
				DA53642B1B92B8D500A5B911 /* OverlayView.xib */,
				DA5363F91B8F9EB700A5B911 /* nav.swift */,
				DAF94CD21B7A0AC8004D2660 /* Helper */,
				DAF94CCD1B7A0448004D2660 /* FrameWorks */,
				DA5363F31B8E276D00A5B911 /* Podfile */,
				DAF94C831B7981F5004D2660 /* VenDee */,
				DAF94C9C1B7981F6004D2660 /* SwapitTests */,
				DAF94C821B7981F5004D2660 /* Products */,
				F1D9F2A7B7800B2D9AA384DD /* Pods */,
				988E4C82F2193E2DDDD24941 /* Frameworks */,
			);
			sourceTree = "<group>";
		};
		DAF94C821B7981F5004D2660 /* Products */ = {
			isa = PBXGroup;
			children = (
				DAF94C811B7981F5004D2660 /* Swapit.app */,
				DAF94C991B7981F6004D2660 /* SwapitTests.xctest */,
			);
			name = Products;
			sourceTree = "<group>";
		};
		DAF94C831B7981F5004D2660 /* VenDee */ = {
			isa = PBXGroup;
			children = (
				DA5364231B92B48500A5B911 /* ExampleOverlayView.swift */,
				DA76EA2A1B95354700B76458 /* SwapItMainNav.swift */,
				DA59FB341BDD3E55006892FB /* blue_blur.jpg */,
				DA5364211B92B42000A5B911 /* SwapItMainViewController.swift */,
				DA3109421BAF040D00DD9F26 /* Utils */,
				DA3109411BAEE9BF00DD9F26 /* Setting */,
				DAE786221B9E21140077EAA2 /* SwipedItems */,
				DAE7860D1B9DBB1F0077EAA2 /* photo Upload */,
				DA5364011B925B7800A5B911 /* Login&SignUp */,
				DAF94C861B7981F6004D2660 /* AppDelegate.swift */,
				DAF94D7C1B7B58EA004D2660 /* OverViewTableViewController.swift */,
				DAF94D7E1B7B5F10004D2660 /* ChooseTableViewController.swift */,
				DAF94D801B7CB3B8004D2660 /* OverviewTableViewCell.swift */,
				DAF94D821B7D03A4004D2660 /* MessageViewController.swift */,
				DA3CEC091BE5411E00AD0C0A /* 04_blurred_bg.jpg */,
				DAF94C901B7981F6004D2660 /* Images.xcassets */,
				DAA20E321BCCCC2500E9DED6 /* icon_arrow_left.png */,
				DA006ED11BD4154C007C05D2 /* VendeeSplash2.png */,
				DAF94C921B7981F6004D2660 /* LaunchScreen.xib */,
				DAF94C881B7981F6004D2660 /* Swapit.xcdatamodeld */,
				DAF94C841B7981F6004D2660 /* Supporting Files */,
			);
			name = VenDee;
			path = Swapit;
			sourceTree = "<group>";
		};
		DAF94C841B7981F6004D2660 /* Supporting Files */ = {
			isa = PBXGroup;
			children = (
				DAF94CE51B7A1027004D2660 /* Swift-bridge.h */,
				DAF94C851B7981F6004D2660 /* Info.plist */,
			);
			name = "Supporting Files";
			sourceTree = "<group>";
		};
		DAF94C9C1B7981F6004D2660 /* SwapitTests */ = {
			isa = PBXGroup;
			children = (
				DAF94C9F1B7981F6004D2660 /* SwapitTests.swift */,
				DAF94C9D1B7981F6004D2660 /* Supporting Files */,
			);
			path = SwapitTests;
			sourceTree = "<group>";
		};
		DAF94C9D1B7981F6004D2660 /* Supporting Files */ = {
			isa = PBXGroup;
			children = (
				DAF94C9E1B7981F6004D2660 /* Info.plist */,
			);
			name = "Supporting Files";
			sourceTree = "<group>";
		};
		DAF94CCD1B7A0448004D2660 /* FrameWorks */ = {
			isa = PBXGroup;
			children = (
				DAF94CA91B7983C9004D2660 /* Bolts.framework */,
				DAF94CAA1B7983C9004D2660 /* Parse.framework */,
				DAF94CAB1B7983C9004D2660 /* ParseCrashReporting.framework */,
				DAF94CAC1B7983C9004D2660 /* ParseFacebookUtils.framework */,
				DAF94CAD1B7983C9004D2660 /* ParseFacebookUtilsV4.framework */,
				DAF94CAE1B7983C9004D2660 /* ParseUI.framework */,
				DAF94CCB1B7A043F004D2660 /* Social.framework */,
				DAF94CC91B7A043A004D2660 /* Accounts.framework */,
				DAF94CC71B7A0430004D2660 /* libsqlite3.dylib */,
				DAF94CC51B7A0428004D2660 /* libz.dylib */,
				DAF94CC31B7A041F004D2660 /* SystemConfiguration.framework */,
				DAF94CBF1B7A040F004D2660 /* Security.framework */,
				DAF94CBD1B7A0408004D2660 /* QuartzCore.framework */,
				DAF94CBB1B7A0401004D2660 /* CoreLocation.framework */,
				DAF94CB91B7A03FB004D2660 /* CoreGraphics.framework */,
				DAF94CB71B7A03F5004D2660 /* CFNetwork.framework */,
				DAF94CB51B7A03F0004D2660 /* AudioToolbox.framework */,
			);
			name = FrameWorks;
			sourceTree = "<group>";
		};
		DAF94CD21B7A0AC8004D2660 /* Helper */ = {
			isa = PBXGroup;
			children = (
				DAE7867D1BA487830077EAA2 /* PulsingHaloLayer.h */,
				DAE7867E1BA487830077EAA2 /* PulsingHaloLayer.m */,
				DAE7867C1BA486E60077EAA2 /* FBShimmering */,
				DAEDC8891B7EB20700258E30 /* NSDate+Utilities.h */,
				DAEDC88A1B7EB20700258E30 /* NSDate+Utilities.m */,
				DAF94CD51B7A0B4B004D2660 /* JSQSystemSoundPlayer.h */,
				DAF94CD61B7A0B4B004D2660 /* JSQSystemSoundPlayer.m */,
				DAF94CEB1B7A12EB004D2660 /* JSQMessagesViewController */,
			);
			name = Helper;
			sourceTree = "<group>";
		};
		DAF94CEB1B7A12EB004D2660 /* JSQMessagesViewController */ = {
			isa = PBXGroup;
			children = (
				DAF94CEC1B7A12EB004D2660 /* Assets */,
				DAF94CEE1B7A12EB004D2660 /* Categories */,
				DAF94CFD1B7A12EC004D2660 /* Controllers */,
				DAF94D031B7A12EC004D2660 /* Factories */,
				DAF94D0E1B7A12EC004D2660 /* JSQMessages.h */,
				DAF94D0F1B7A12EC004D2660 /* Layout */,
				DAF94D161B7A12EC004D2660 /* Model */,
				DAF94D2B1B7A12EC004D2660 /* Views */,
			);
			path = JSQMessagesViewController;
			sourceTree = "<group>";
		};
		DAF94CEC1B7A12EB004D2660 /* Assets */ = {
			isa = PBXGroup;
			children = (
				DAF94CED1B7A12EB004D2660 /* JSQMessagesAssets.bundle */,
			);
			path = Assets;
			sourceTree = "<group>";
		};
		DAF94CEE1B7A12EB004D2660 /* Categories */ = {
			isa = PBXGroup;
			children = (
				DAF94CEF1B7A12EB004D2660 /* JSQSystemSoundPlayer+JSQMessages.h */,
				DAF94CF01B7A12EB004D2660 /* JSQSystemSoundPlayer+JSQMessages.m */,
				DAF94CF11B7A12EB004D2660 /* NSBundle+JSQMessages.h */,
				DAF94CF21B7A12EB004D2660 /* NSBundle+JSQMessages.m */,
				DAF94CF31B7A12EB004D2660 /* NSString+JSQMessages.h */,
				DAF94CF41B7A12EB004D2660 /* NSString+JSQMessages.m */,
				DAF94CF51B7A12EC004D2660 /* UIColor+JSQMessages.h */,
				DAF94CF61B7A12EC004D2660 /* UIColor+JSQMessages.m */,
				DAF94CF71B7A12EC004D2660 /* UIDevice+JSQMessages.h */,
				DAF94CF81B7A12EC004D2660 /* UIDevice+JSQMessages.m */,
				DAF94CF91B7A12EC004D2660 /* UIImage+JSQMessages.h */,
				DAF94CFA1B7A12EC004D2660 /* UIImage+JSQMessages.m */,
				DAF94CFB1B7A12EC004D2660 /* UIView+JSQMessages.h */,
				DAF94CFC1B7A12EC004D2660 /* UIView+JSQMessages.m */,
			);
			path = Categories;
			sourceTree = "<group>";
		};
		DAF94CFD1B7A12EC004D2660 /* Controllers */ = {
			isa = PBXGroup;
			children = (
				DAF94CFE1B7A12EC004D2660 /* JSQMessagesKeyboardController.h */,
				DAF94CFF1B7A12EC004D2660 /* JSQMessagesKeyboardController.m */,
				DAF94D001B7A12EC004D2660 /* JSQMessagesViewController.h */,
				DAF94D011B7A12EC004D2660 /* JSQMessagesViewController.m */,
				DAF94D021B7A12EC004D2660 /* JSQMessagesViewController.xib */,
			);
			path = Controllers;
			sourceTree = "<group>";
		};
		DAF94D031B7A12EC004D2660 /* Factories */ = {
			isa = PBXGroup;
			children = (
				DAF94D041B7A12EC004D2660 /* JSQMessagesAvatarImageFactory.h */,
				DAF94D051B7A12EC004D2660 /* JSQMessagesAvatarImageFactory.m */,
				DAF94D061B7A12EC004D2660 /* JSQMessagesBubbleImageFactory.h */,
				DAF94D071B7A12EC004D2660 /* JSQMessagesBubbleImageFactory.m */,
				DAF94D081B7A12EC004D2660 /* JSQMessagesMediaViewBubbleImageMasker.h */,
				DAF94D091B7A12EC004D2660 /* JSQMessagesMediaViewBubbleImageMasker.m */,
				DAF94D0A1B7A12EC004D2660 /* JSQMessagesTimestampFormatter.h */,
				DAF94D0B1B7A12EC004D2660 /* JSQMessagesTimestampFormatter.m */,
				DAF94D0C1B7A12EC004D2660 /* JSQMessagesToolbarButtonFactory.h */,
				DAF94D0D1B7A12EC004D2660 /* JSQMessagesToolbarButtonFactory.m */,
			);
			path = Factories;
			sourceTree = "<group>";
		};
		DAF94D0F1B7A12EC004D2660 /* Layout */ = {
			isa = PBXGroup;
			children = (
				DAF94D101B7A12EC004D2660 /* JSQMessagesCollectionViewFlowLayout.h */,
				DAF94D111B7A12EC004D2660 /* JSQMessagesCollectionViewFlowLayout.m */,
				DAF94D121B7A12EC004D2660 /* JSQMessagesCollectionViewFlowLayoutInvalidationContext.h */,
				DAF94D131B7A12EC004D2660 /* JSQMessagesCollectionViewFlowLayoutInvalidationContext.m */,
				DAF94D141B7A12EC004D2660 /* JSQMessagesCollectionViewLayoutAttributes.h */,
				DAF94D151B7A12EC004D2660 /* JSQMessagesCollectionViewLayoutAttributes.m */,
			);
			path = Layout;
			sourceTree = "<group>";
		};
		DAF94D161B7A12EC004D2660 /* Model */ = {
			isa = PBXGroup;
			children = (
				DAF94D171B7A12EC004D2660 /* JSQLocationMediaItem.h */,
				DAF94D181B7A12EC004D2660 /* JSQLocationMediaItem.m */,
				DAF94D191B7A12EC004D2660 /* JSQMediaItem.h */,
				DAF94D1A1B7A12EC004D2660 /* JSQMediaItem.m */,
				DAF94D1B1B7A12EC004D2660 /* JSQMessage.h */,
				DAF94D1C1B7A12EC004D2660 /* JSQMessage.m */,
				DAF94D1D1B7A12EC004D2660 /* JSQMessageAvatarImageDataSource.h */,
				DAF94D1E1B7A12EC004D2660 /* JSQMessageBubbleImageDataSource.h */,
				DAF94D1F1B7A12EC004D2660 /* JSQMessageData.h */,
				DAF94D201B7A12EC004D2660 /* JSQMessageMediaData.h */,
				DAF94D211B7A12EC004D2660 /* JSQMessagesAvatarImage.h */,
				DAF94D221B7A12EC004D2660 /* JSQMessagesAvatarImage.m */,
				DAF94D231B7A12EC004D2660 /* JSQMessagesBubbleImage.h */,
				DAF94D241B7A12EC004D2660 /* JSQMessagesBubbleImage.m */,
				DAF94D251B7A12EC004D2660 /* JSQMessagesCollectionViewDataSource.h */,
				DAF94D261B7A12EC004D2660 /* JSQMessagesCollectionViewDelegateFlowLayout.h */,
				DAF94D271B7A12EC004D2660 /* JSQPhotoMediaItem.h */,
				DAF94D281B7A12EC004D2660 /* JSQPhotoMediaItem.m */,
				DAF94D291B7A12EC004D2660 /* JSQVideoMediaItem.h */,
				DAF94D2A1B7A12EC004D2660 /* JSQVideoMediaItem.m */,
			);
			path = Model;
			sourceTree = "<group>";
		};
		DAF94D2B1B7A12EC004D2660 /* Views */ = {
			isa = PBXGroup;
			children = (
				DAF94D2C1B7A12EC004D2660 /* JSQMessagesCellTextView.h */,
				DAF94D2D1B7A12EC004D2660 /* JSQMessagesCellTextView.m */,
				DAF94D2E1B7A12EC004D2660 /* JSQMessagesCollectionView.h */,
				DAF94D2F1B7A12EC004D2660 /* JSQMessagesCollectionView.m */,
				DAF94D301B7A12EC004D2660 /* JSQMessagesCollectionViewCell.h */,
				DAF94D311B7A12EC004D2660 /* JSQMessagesCollectionViewCell.m */,
				DAF94D321B7A12EC004D2660 /* JSQMessagesCollectionViewCellIncoming.h */,
				DAF94D331B7A12EC004D2660 /* JSQMessagesCollectionViewCellIncoming.m */,
				DAF94D341B7A12EC004D2660 /* JSQMessagesCollectionViewCellIncoming.xib */,
				DAF94D351B7A12EC004D2660 /* JSQMessagesCollectionViewCellOutgoing.h */,
				DAF94D361B7A12EC004D2660 /* JSQMessagesCollectionViewCellOutgoing.m */,
				DAF94D371B7A12EC004D2660 /* JSQMessagesCollectionViewCellOutgoing.xib */,
				DAF94D381B7A12EC004D2660 /* JSQMessagesComposerTextView.h */,
				DAF94D391B7A12EC004D2660 /* JSQMessagesComposerTextView.m */,
				DAF94D3A1B7A12EC004D2660 /* JSQMessagesInputToolbar.h */,
				DAF94D3B1B7A12EC004D2660 /* JSQMessagesInputToolbar.m */,
				DAF94D3C1B7A12EC004D2660 /* JSQMessagesLabel.h */,
				DAF94D3D1B7A12EC004D2660 /* JSQMessagesLabel.m */,
				DAF94D3E1B7A12EC004D2660 /* JSQMessagesLoadEarlierHeaderView.h */,
				DAF94D3F1B7A12EC004D2660 /* JSQMessagesLoadEarlierHeaderView.m */,
				DAF94D401B7A12EC004D2660 /* JSQMessagesLoadEarlierHeaderView.xib */,
				DAF94D411B7A12EC004D2660 /* JSQMessagesMediaPlaceholderView.h */,
				DAF94D421B7A12EC004D2660 /* JSQMessagesMediaPlaceholderView.m */,
				DAF94D431B7A12EC004D2660 /* JSQMessagesToolbarContentView.h */,
				DAF94D441B7A12EC004D2660 /* JSQMessagesToolbarContentView.m */,
				DAF94D451B7A12EC004D2660 /* JSQMessagesToolbarContentView.xib */,
				DAF94D461B7A12EC004D2660 /* JSQMessagesTypingIndicatorFooterView.h */,
				DAF94D471B7A12EC004D2660 /* JSQMessagesTypingIndicatorFooterView.m */,
				DAF94D481B7A12EC004D2660 /* JSQMessagesTypingIndicatorFooterView.xib */,
			);
			path = Views;
			sourceTree = "<group>";
		};
		F1D9F2A7B7800B2D9AA384DD /* Pods */ = {
			isa = PBXGroup;
			children = (
				897F3CA997405CFBDC87CD9A /* Pods.debug.xcconfig */,
				53DB0F92EAF196BF7666F7CA /* Pods.release.xcconfig */,
			);
			name = Pods;
			sourceTree = "<group>";
		};
/* End PBXGroup section */

/* Begin PBXNativeTarget section */
		DAF94C801B7981F5004D2660 /* Swapit */ = {
			isa = PBXNativeTarget;
			buildConfigurationList = DAF94CA31B7981F6004D2660 /* Build configuration list for PBXNativeTarget "Swapit" */;
			buildPhases = (
				D94931CC119202766BF54125 /* Check Pods Manifest.lock */,
				DAF94C7D1B7981F5004D2660 /* Sources */,
				DAF94C7E1B7981F5004D2660 /* Frameworks */,
				DAF94C7F1B7981F5004D2660 /* Resources */,
				3B1EF24D395F49709A5F37C6 /* Embed Pods Frameworks */,
				F1735661CAC3135850237426 /* Copy Pods Resources */,
			);
			buildRules = (
			);
			dependencies = (
			);
			name = Swapit;
			productName = Swapit;
			productReference = DAF94C811B7981F5004D2660 /* Swapit.app */;
			productType = "com.apple.product-type.application";
		};
		DAF94C981B7981F6004D2660 /* SwapitTests */ = {
			isa = PBXNativeTarget;
			buildConfigurationList = DAF94CA61B7981F6004D2660 /* Build configuration list for PBXNativeTarget "SwapitTests" */;
			buildPhases = (
				DAF94C951B7981F6004D2660 /* Sources */,
				DAF94C961B7981F6004D2660 /* Frameworks */,
				DAF94C971B7981F6004D2660 /* Resources */,
			);
			buildRules = (
			);
			dependencies = (
				DAF94C9B1B7981F6004D2660 /* PBXTargetDependency */,
			);
			name = SwapitTests;
			productName = SwapitTests;
			productReference = DAF94C991B7981F6004D2660 /* SwapitTests.xctest */;
			productType = "com.apple.product-type.bundle.unit-test";
		};
/* End PBXNativeTarget section */

/* Begin PBXProject section */
		DAF94C791B7981F5004D2660 /* Project object */ = {
			isa = PBXProject;
			attributes = {
				LastSwiftUpdateCheck = 0700;
				LastUpgradeCheck = 0700;
				ORGANIZATIONNAME = "Dustin Yang";
				TargetAttributes = {
					DAF94C801B7981F5004D2660 = {
						CreatedOnToolsVersion = 6.4;
						DevelopmentTeam = CSE9343A58;
						SystemCapabilities = {
							com.apple.InAppPurchase = {
								enabled = 1;
							};
							com.apple.Push = {
								enabled = 1;
							};
						};
					};
					DAF94C981B7981F6004D2660 = {
						CreatedOnToolsVersion = 6.4;
						TestTargetID = DAF94C801B7981F5004D2660;
					};
				};
			};
			buildConfigurationList = DAF94C7C1B7981F5004D2660 /* Build configuration list for PBXProject "Swapit" */;
			compatibilityVersion = "Xcode 3.2";
			developmentRegion = English;
			hasScannedForEncodings = 0;
			knownRegions = (
				en,
				Base,
			);
			mainGroup = DAF94C781B7981F5004D2660;
			productRefGroup = DAF94C821B7981F5004D2660 /* Products */;
			projectDirPath = "";
			projectRoot = "";
			targets = (
				DAF94C801B7981F5004D2660 /* Swapit */,
				DAF94C981B7981F6004D2660 /* SwapitTests */,
			);
		};
/* End PBXProject section */

/* Begin PBXResourcesBuildPhase section */
		DAF94C7F1B7981F5004D2660 /* Resources */ = {
			isa = PBXResourcesBuildPhase;
			buildActionMask = 2147483647;
			files = (
				DA006ED21BD4154D007C05D2 /* VendeeSplash2.png in Resources */,
				DAF94C8F1B7981F6004D2660 /* Main.storyboard in Resources */,
				DAF94D731B7A12EC004D2660 /* JSQMessagesTypingIndicatorFooterView.xib in Resources */,
				DAF94D491B7A12EC004D2660 /* JSQMessagesAssets.bundle in Resources */,
				DAF94C941B7981F6004D2660 /* LaunchScreen.xib in Resources */,
				DAF94D6E1B7A12EC004D2660 /* JSQMessagesLoadEarlierHeaderView.xib in Resources */,
				DAA20E331BCCCC2500E9DED6 /* icon_arrow_left.png in Resources */,
				DA3CEC0A1BE5411E00AD0C0A /* 04_blurred_bg.jpg in Resources */,
				DA53642C1B92B8D500A5B911 /* OverlayView.xib in Resources */,
				DAF94D691B7A12EC004D2660 /* JSQMessagesCollectionViewCellOutgoing.xib in Resources */,
				DA59FB311BDD2AFA006892FB /* background.jpg in Resources */,
				DAF94C911B7981F6004D2660 /* Images.xcassets in Resources */,
				DAF94D531B7A12EC004D2660 /* JSQMessagesViewController.xib in Resources */,
				DAF94D671B7A12EC004D2660 /* JSQMessagesCollectionViewCellIncoming.xib in Resources */,
				DA5363F41B8E276D00A5B911 /* Podfile in Resources */,
				DA59FB351BDD3E55006892FB /* blue_blur.jpg in Resources */,
				DAF94D711B7A12EC004D2660 /* JSQMessagesToolbarContentView.xib in Resources */,
			);
			runOnlyForDeploymentPostprocessing = 0;
		};
		DAF94C971B7981F6004D2660 /* Resources */ = {
			isa = PBXResourcesBuildPhase;
			buildActionMask = 2147483647;
			files = (
			);
			runOnlyForDeploymentPostprocessing = 0;
		};
/* End PBXResourcesBuildPhase section */

/* Begin PBXShellScriptBuildPhase section */
		3B1EF24D395F49709A5F37C6 /* Embed Pods Frameworks */ = {
			isa = PBXShellScriptBuildPhase;
			buildActionMask = 2147483647;
			files = (
			);
			inputPaths = (
			);
			name = "Embed Pods Frameworks";
			outputPaths = (
			);
			runOnlyForDeploymentPostprocessing = 0;
			shellPath = /bin/sh;
			shellScript = "\"${SRCROOT}/Pods/Target Support Files/Pods/Pods-frameworks.sh\"\n";
			showEnvVarsInLog = 0;
		};
		D94931CC119202766BF54125 /* Check Pods Manifest.lock */ = {
			isa = PBXShellScriptBuildPhase;
			buildActionMask = 12;
			files = (
			);
			inputPaths = (
			);
			name = "Check Pods Manifest.lock";
			outputPaths = (
			);
			runOnlyForDeploymentPostprocessing = 0;
			shellPath = /bin/sh;
			shellScript = "diff \"${PODS_ROOT}/../Podfile.lock\" \"${PODS_ROOT}/Manifest.lock\" > /dev/null\nif [[ $? != 0 ]] ; then\n    cat << EOM\nerror: The sandbox is not in sync with the Podfile.lock. Run 'pod install' or update your CocoaPods installation.\nEOM\n    exit 1\nfi\n";
			showEnvVarsInLog = 0;
		};
		F1735661CAC3135850237426 /* Copy Pods Resources */ = {
			isa = PBXShellScriptBuildPhase;
			buildActionMask = 2147483647;
			files = (
			);
			inputPaths = (
			);
			name = "Copy Pods Resources";
			outputPaths = (
			);
			runOnlyForDeploymentPostprocessing = 0;
			shellPath = /bin/sh;
			shellScript = "\"${SRCROOT}/Pods/Target Support Files/Pods/Pods-resources.sh\"\n";
			showEnvVarsInLog = 0;
		};
/* End PBXShellScriptBuildPhase section */

/* Begin PBXSourcesBuildPhase section */
		DAF94C7D1B7981F5004D2660 /* Sources */ = {
			isa = PBXSourcesBuildPhase;
			buildActionMask = 2147483647;
			files = (
				DAF94D5C1B7A12EC004D2660 /* JSQLocationMediaItem.m in Sources */,
				DAE786511B9E74AB0077EAA2 /* CHTCollectionViewWaterfallLayout.swift in Sources */,
				DA76EA2B1B95354700B76458 /* SwapItMainNav.swift in Sources */,
				DAE7867B1BA486E00077EAA2 /* FBShimmeringView.m in Sources */,
				DAF94D511B7A12EC004D2660 /* JSQMessagesKeyboardController.m in Sources */,
				DAE786FC1BAE3C780077EAA2 /* PopUpViewControllerSwift.swift in Sources */,
				DAE786F01BAC799B0077EAA2 /* PagedScrollViewController.swift in Sources */,
				DA5363FC1B8FB0A300A5B911 /* mainViewController.swift in Sources */,
				DAF94D7F1B7B5F10004D2660 /* ChooseTableViewController.swift in Sources */,
				DAF94D661B7A12EC004D2660 /* JSQMessagesCollectionViewCellIncoming.m in Sources */,
				DAEDC88B1B7EB20700258E30 /* NSDate+Utilities.m in Sources */,
				DAF94D681B7A12EC004D2660 /* JSQMessagesCollectionViewCellOutgoing.m in Sources */,
				DA76EA351B955FE200B76458 /* SettingVCNav.swift in Sources */,
				DAF94D5F1B7A12EC004D2660 /* JSQMessagesAvatarImage.m in Sources */,
				DAF94D631B7A12EC004D2660 /* JSQMessagesCellTextView.m in Sources */,
				DA5471321BE043DC002BAC80 /* aboutPageVC.swift in Sources */,
				DAF94D701B7A12EC004D2660 /* JSQMessagesToolbarContentView.m in Sources */,
				DA64DC691B80C65D00E5B7D3 /* SignUpTableViewController.swift in Sources */,
				DA5364261B92B48500A5B911 /* ExampleOverlayView.swift in Sources */,
				DAF94D6B1B7A12EC004D2660 /* JSQMessagesInputToolbar.m in Sources */,
				DAF94C871B7981F6004D2660 /* AppDelegate.swift in Sources */,
				DA59FB2B1BD8A2E4006892FB /* CozyLoadingActivity.swift in Sources */,
				DAE786451B9E747B0077EAA2 /* NTWaterfallViewController.swift in Sources */,
				DA76EA331B955CEB00B76458 /* RangeSlider.swift in Sources */,
				DAF94D581B7A12EC004D2660 /* JSQMessagesToolbarButtonFactory.m in Sources */,
				DAF94D4C1B7A12EC004D2660 /* NSString+JSQMessages.m in Sources */,
				DAF94D7D1B7B58EA004D2660 /* OverViewTableViewController.swift in Sources */,
				DAF94D571B7A12EC004D2660 /* JSQMessagesTimestampFormatter.m in Sources */,
				DAE786891BA90A100077EAA2 /* ViewControllerUtils.swift in Sources */,
				DAF94D4A1B7A12EC004D2660 /* JSQSystemSoundPlayer+JSQMessages.m in Sources */,
				DAE7864F1B9E748E0077EAA2 /* Macro.swift in Sources */,
				DAF94D6D1B7A12EC004D2660 /* JSQMessagesLoadEarlierHeaderView.m in Sources */,
				DAF94D561B7A12EC004D2660 /* JSQMessagesMediaViewBubbleImageMasker.m in Sources */,
				DAF94D521B7A12EC004D2660 /* JSQMessagesViewController.m in Sources */,
				DAF94D831B7D03A4004D2660 /* MessageViewController.swift in Sources */,
				DAF94D591B7A12EC004D2660 /* JSQMessagesCollectionViewFlowLayout.m in Sources */,
				DAF94D751B7AF27F004D2660 /* LogginViewContoller.swift in Sources */,
				DAA20E2B1BC8B22300E9DED6 /* LocationManager.swift in Sources */,
				DAF94D501B7A12EC004D2660 /* UIView+JSQMessages.m in Sources */,
				DAF94CD71B7A0B4B004D2660 /* JSQSystemSoundPlayer.m in Sources */,
				DA76EA311B955C0900B76458 /* settingVC.swift in Sources */,
				DAF94D5D1B7A12EC004D2660 /* JSQMediaItem.m in Sources */,
				DAF94D6C1B7A12EC004D2660 /* JSQMessagesLabel.m in Sources */,
				DA59FB271BD7FDBB006892FB /* myItemViewCell.swift in Sources */,
				DA59FB2D1BD8A3C9006892FB /* ProgressHUD.swift in Sources */,
				DA59FB251BD7FD9F006892FB /* myItemView.swift in Sources */,
				DAE7867F1BA487830077EAA2 /* PulsingHaloLayer.m in Sources */,
				DAF94D4E1B7A12EC004D2660 /* UIDevice+JSQMessages.m in Sources */,
				DAF94D651B7A12EC004D2660 /* JSQMessagesCollectionViewCell.m in Sources */,
				DAF94D6A1B7A12EC004D2660 /* JSQMessagesComposerTextView.m in Sources */,
				DAF94D721B7A12EC004D2660 /* JSQMessagesTypingIndicatorFooterView.m in Sources */,
				DAE7868B1BA911250077EAA2 /* loaddataViewController.swift in Sources */,
				DAF94D5A1B7A12EC004D2660 /* JSQMessagesCollectionViewFlowLayoutInvalidationContext.m in Sources */,
				DAF94C8A1B7981F6004D2660 /* Swapit.xcdatamodeld in Sources */,
				DAF94D541B7A12EC004D2660 /* JSQMessagesAvatarImageFactory.m in Sources */,
				DAE7864C1B9E748E0077EAA2 /* Extension.swift in Sources */,
				DAE786F21BAC799B0077EAA2 /* ScrollViewContainer.swift in Sources */,
				DAF94D5E1B7A12EC004D2660 /* JSQMessage.m in Sources */,
				DAE7864D1B9E748E0077EAA2 /* NTTransition.swift in Sources */,
				DAE786471B9E747B0077EAA2 /* NTHorizontalPageViewController.swift in Sources */,
				DAE786551B9E74E70077EAA2 /* NTHorizontalPageViewCell.swift in Sources */,
				DAF94D6F1B7A12EC004D2660 /* JSQMessagesMediaPlaceholderView.m in Sources */,
				DA76EA371B960B5200B76458 /* photoViewNav.swift in Sources */,
				DA5363C01B860F0200A5B911 /* photoUploadPageVC.swift in Sources */,
				DAE786541B9E74E70077EAA2 /* NTWaterfallViewCell.swift in Sources */,
				DA5363FA1B8F9EB700A5B911 /* nav.swift in Sources */,
				DAA555941BD5EA91009719B5 /* viewProfileCell.swift in Sources */,
				DAF94D641B7A12EC004D2660 /* JSQMessagesCollectionView.m in Sources */,
				DAF94D4D1B7A12EC004D2660 /* UIColor+JSQMessages.m in Sources */,
				DAF94D5B1B7A12EC004D2660 /* JSQMessagesCollectionViewLayoutAttributes.m in Sources */,
				DAF94D621B7A12EC004D2660 /* JSQVideoMediaItem.m in Sources */,
				DAF94D611B7A12EC004D2660 /* JSQPhotoMediaItem.m in Sources */,
				DAE7867A1BA486E00077EAA2 /* FBShimmeringLayer.m in Sources */,
				DAF94D4F1B7A12EC004D2660 /* UIImage+JSQMessages.m in Sources */,
				DAA555921BD5E9DD009719B5 /* viewProfile.swift in Sources */,
				DAF94D551B7A12EC004D2660 /* JSQMessagesBubbleImageFactory.m in Sources */,
				DA5364221B92B42000A5B911 /* SwapItMainViewController.swift in Sources */,
				DAF94D811B7CB3B8004D2660 /* OverviewTableViewCell.swift in Sources */,
				DAF94D601B7A12EC004D2660 /* JSQMessagesBubbleImage.m in Sources */,
				DAF94D4B1B7A12EC004D2660 /* NSBundle+JSQMessages.m in Sources */,
				DAE786461B9E747B0077EAA2 /* NTNavigationController.swift in Sources */,
				DAE7864E1B9E748E0077EAA2 /* NTTransitionProtocol.swift in Sources */,
			);
			runOnlyForDeploymentPostprocessing = 0;
		};
		DAF94C951B7981F6004D2660 /* Sources */ = {
			isa = PBXSourcesBuildPhase;
			buildActionMask = 2147483647;
			files = (
				DAF94CA01B7981F6004D2660 /* SwapitTests.swift in Sources */,
			);
			runOnlyForDeploymentPostprocessing = 0;
		};
/* End PBXSourcesBuildPhase section */

/* Begin PBXTargetDependency section */
		DAF94C9B1B7981F6004D2660 /* PBXTargetDependency */ = {
			isa = PBXTargetDependency;
			target = DAF94C801B7981F5004D2660 /* Swapit */;
			targetProxy = DAF94C9A1B7981F6004D2660 /* PBXContainerItemProxy */;
		};
/* End PBXTargetDependency section */

/* Begin PBXVariantGroup section */
		DAF94C8D1B7981F6004D2660 /* Main.storyboard */ = {
			isa = PBXVariantGroup;
			children = (
				DAF94C8E1B7981F6004D2660 /* Base */,
			);
			name = Main.storyboard;
			path = Swapit;
			sourceTree = "<group>";
		};
		DAF94C921B7981F6004D2660 /* LaunchScreen.xib */ = {
			isa = PBXVariantGroup;
			children = (
				DAF94C931B7981F6004D2660 /* Base */,
			);
			name = LaunchScreen.xib;
			sourceTree = "<group>";
		};
/* End PBXVariantGroup section */

/* Begin XCBuildConfiguration section */
		DAF94CA11B7981F6004D2660 /* Debug */ = {
			isa = XCBuildConfiguration;
			buildSettings = {
				ALWAYS_SEARCH_USER_PATHS = NO;
				CLANG_CXX_LANGUAGE_STANDARD = "gnu++0x";
				CLANG_CXX_LIBRARY = "libc++";
				CLANG_ENABLE_MODULES = YES;
				CLANG_ENABLE_OBJC_ARC = YES;
				CLANG_WARN_BOOL_CONVERSION = YES;
				CLANG_WARN_CONSTANT_CONVERSION = YES;
				CLANG_WARN_DIRECT_OBJC_ISA_USAGE = YES_ERROR;
				CLANG_WARN_EMPTY_BODY = YES;
				CLANG_WARN_ENUM_CONVERSION = YES;
				CLANG_WARN_INT_CONVERSION = YES;
				CLANG_WARN_OBJC_ROOT_CLASS = YES_ERROR;
				CLANG_WARN_UNREACHABLE_CODE = YES;
				CLANG_WARN__DUPLICATE_METHOD_MATCH = YES;
				"CODE_SIGN_IDENTITY[sdk=iphoneos*]" = "iPhone Developer";
				COPY_PHASE_STRIP = NO;
				DEBUG_INFORMATION_FORMAT = "dwarf-with-dsym";
				ENABLE_BITCODE = NO;
				ENABLE_STRICT_OBJC_MSGSEND = YES;
				ENABLE_TESTABILITY = YES;
				GCC_C_LANGUAGE_STANDARD = gnu99;
				GCC_DYNAMIC_NO_PIC = NO;
				GCC_NO_COMMON_BLOCKS = YES;
				GCC_OPTIMIZATION_LEVEL = 0;
				GCC_PREPROCESSOR_DEFINITIONS = (
					"DEBUG=1",
					"$(inherited)",
				);
				GCC_SYMBOLS_PRIVATE_EXTERN = NO;
				GCC_WARN_64_TO_32_BIT_CONVERSION = YES;
				GCC_WARN_ABOUT_RETURN_TYPE = YES_ERROR;
				GCC_WARN_UNDECLARED_SELECTOR = YES;
				GCC_WARN_UNINITIALIZED_AUTOS = YES_AGGRESSIVE;
				GCC_WARN_UNUSED_FUNCTION = YES;
				GCC_WARN_UNUSED_VARIABLE = YES;
				IPHONEOS_DEPLOYMENT_TARGET = 9.0;
				MTL_ENABLE_DEBUG_INFO = YES;
				ONLY_ACTIVE_ARCH = YES;
				SDKROOT = iphoneos;
				SWIFT_OPTIMIZATION_LEVEL = "-Onone";
			};
			name = Debug;
		};
		DAF94CA21B7981F6004D2660 /* Release */ = {
			isa = XCBuildConfiguration;
			buildSettings = {
				ALWAYS_SEARCH_USER_PATHS = NO;
				CLANG_CXX_LANGUAGE_STANDARD = "gnu++0x";
				CLANG_CXX_LIBRARY = "libc++";
				CLANG_ENABLE_MODULES = YES;
				CLANG_ENABLE_OBJC_ARC = YES;
				CLANG_WARN_BOOL_CONVERSION = YES;
				CLANG_WARN_CONSTANT_CONVERSION = YES;
				CLANG_WARN_DIRECT_OBJC_ISA_USAGE = YES_ERROR;
				CLANG_WARN_EMPTY_BODY = YES;
				CLANG_WARN_ENUM_CONVERSION = YES;
				CLANG_WARN_INT_CONVERSION = YES;
				CLANG_WARN_OBJC_ROOT_CLASS = YES_ERROR;
				CLANG_WARN_UNREACHABLE_CODE = YES;
				CLANG_WARN__DUPLICATE_METHOD_MATCH = YES;
				"CODE_SIGN_IDENTITY[sdk=iphoneos*]" = "iPhone Developer";
				COPY_PHASE_STRIP = NO;
				DEBUG_INFORMATION_FORMAT = "dwarf-with-dsym";
				ENABLE_BITCODE = NO;
				ENABLE_NS_ASSERTIONS = NO;
				ENABLE_STRICT_OBJC_MSGSEND = YES;
				GCC_C_LANGUAGE_STANDARD = gnu99;
				GCC_NO_COMMON_BLOCKS = YES;
				GCC_WARN_64_TO_32_BIT_CONVERSION = YES;
				GCC_WARN_ABOUT_RETURN_TYPE = YES_ERROR;
				GCC_WARN_UNDECLARED_SELECTOR = YES;
				GCC_WARN_UNINITIALIZED_AUTOS = YES_AGGRESSIVE;
				GCC_WARN_UNUSED_FUNCTION = YES;
				GCC_WARN_UNUSED_VARIABLE = YES;
				IPHONEOS_DEPLOYMENT_TARGET = 9.0;
				MTL_ENABLE_DEBUG_INFO = NO;
				SDKROOT = iphoneos;
				VALIDATE_PRODUCT = YES;
			};
			name = Release;
		};
		DAF94CA41B7981F6004D2660 /* Debug */ = {
			isa = XCBuildConfiguration;
			baseConfigurationReference = 897F3CA997405CFBDC87CD9A /* Pods.debug.xcconfig */;
			buildSettings = {
				ASSETCATALOG_COMPILER_APPICON_NAME = AppIcon;
				CLANG_ENABLE_MODULES = YES;
				CODE_SIGN_IDENTITY = "iPhone Developer";
				"CODE_SIGN_IDENTITY[sdk=iphoneos*]" = "iPhone Developer";
				FRAMEWORK_SEARCH_PATHS = (
					"$(inherited)",
					"$(PROJECT_DIR)/Swapit",
					"$(USER_LIBRARY_DIR)/Developer/Xcode/DerivedData/Koloda-aiwqsvohpllzjngogxgllljrfhuw/Build/Products/Debug",
				);
				INFOPLIST_FILE = Swapit/Info.plist;
				IPHONEOS_DEPLOYMENT_TARGET = 8.0;
				LD_RUNPATH_SEARCH_PATHS = "$(inherited) @executable_path/Frameworks";
				PRODUCT_BUNDLE_IDENTIFIER = com.dustin.demoapp;
				PRODUCT_NAME = Swapit;
				PROVISIONING_PROFILE = "";
				SWIFT_OBJC_BRIDGING_HEADER = "Swift-bridge.h";
				SWIFT_OPTIMIZATION_LEVEL = "-Onone";
				TARGETED_DEVICE_FAMILY = 1;
			};
			name = Debug;
		};
		DAF94CA51B7981F6004D2660 /* Release */ = {
			isa = XCBuildConfiguration;
			baseConfigurationReference = 53DB0F92EAF196BF7666F7CA /* Pods.release.xcconfig */;
			buildSettings = {
				ASSETCATALOG_COMPILER_APPICON_NAME = AppIcon;
				CLANG_ENABLE_MODULES = YES;
				CODE_SIGN_IDENTITY = "iPhone Developer";
				"CODE_SIGN_IDENTITY[sdk=iphoneos*]" = "iPhone Developer";
				FRAMEWORK_SEARCH_PATHS = (
					"$(inherited)",
					"$(PROJECT_DIR)/Swapit",
					"$(USER_LIBRARY_DIR)/Developer/Xcode/DerivedData/Koloda-aiwqsvohpllzjngogxgllljrfhuw/Build/Products/Debug",
				);
				INFOPLIST_FILE = Swapit/Info.plist;
				IPHONEOS_DEPLOYMENT_TARGET = 8.0;
				LD_RUNPATH_SEARCH_PATHS = "$(inherited) @executable_path/Frameworks";
				PRODUCT_BUNDLE_IDENTIFIER = com.dustin.demoapp;
				PRODUCT_NAME = Swapit;
				PROVISIONING_PROFILE = "";
				SWIFT_OBJC_BRIDGING_HEADER = "Swift-bridge.h";
				TARGETED_DEVICE_FAMILY = 1;
			};
			name = Release;
		};
		DAF94CA71B7981F6004D2660 /* Debug */ = {
			isa = XCBuildConfiguration;
			buildSettings = {
				BUNDLE_LOADER = "$(TEST_HOST)";
				FRAMEWORK_SEARCH_PATHS = (
					"$(SDKROOT)/Developer/Library/Frameworks",
					"$(inherited)",
				);
				GCC_PREPROCESSOR_DEFINITIONS = (
					"DEBUG=1",
					"$(inherited)",
				);
				INFOPLIST_FILE = SwapitTests/Info.plist;
				LD_RUNPATH_SEARCH_PATHS = "$(inherited) @executable_path/Frameworks @loader_path/Frameworks";
				PRODUCT_BUNDLE_IDENTIFIER = "doosun.$(PRODUCT_NAME:rfc1034identifier)";
				PRODUCT_NAME = "$(TARGET_NAME)";
				TEST_HOST = "$(BUILT_PRODUCTS_DIR)/Swapit.app/Swapit";
			};
			name = Debug;
		};
		DAF94CA81B7981F6004D2660 /* Release */ = {
			isa = XCBuildConfiguration;
			buildSettings = {
				BUNDLE_LOADER = "$(TEST_HOST)";
				FRAMEWORK_SEARCH_PATHS = (
					"$(SDKROOT)/Developer/Library/Frameworks",
					"$(inherited)",
				);
				INFOPLIST_FILE = SwapitTests/Info.plist;
				LD_RUNPATH_SEARCH_PATHS = "$(inherited) @executable_path/Frameworks @loader_path/Frameworks";
				PRODUCT_BUNDLE_IDENTIFIER = "doosun.$(PRODUCT_NAME:rfc1034identifier)";
				PRODUCT_NAME = "$(TARGET_NAME)";
				TEST_HOST = "$(BUILT_PRODUCTS_DIR)/Swapit.app/Swapit";
			};
			name = Release;
		};
/* End XCBuildConfiguration section */

/* Begin XCConfigurationList section */
		DAF94C7C1B7981F5004D2660 /* Build configuration list for PBXProject "Swapit" */ = {
			isa = XCConfigurationList;
			buildConfigurations = (
				DAF94CA11B7981F6004D2660 /* Debug */,
				DAF94CA21B7981F6004D2660 /* Release */,
			);
			defaultConfigurationIsVisible = 0;
			defaultConfigurationName = Release;
		};
		DAF94CA31B7981F6004D2660 /* Build configuration list for PBXNativeTarget "Swapit" */ = {
			isa = XCConfigurationList;
			buildConfigurations = (
				DAF94CA41B7981F6004D2660 /* Debug */,
				DAF94CA51B7981F6004D2660 /* Release */,
			);
			defaultConfigurationIsVisible = 0;
			defaultConfigurationName = Release;
		};
		DAF94CA61B7981F6004D2660 /* Build configuration list for PBXNativeTarget "SwapitTests" */ = {
			isa = XCConfigurationList;
			buildConfigurations = (
				DAF94CA71B7981F6004D2660 /* Debug */,
				DAF94CA81B7981F6004D2660 /* Release */,
			);
			defaultConfigurationIsVisible = 0;
			defaultConfigurationName = Release;
		};
/* End XCConfigurationList section */

/* Begin XCVersionGroup section */
		DAF94C881B7981F6004D2660 /* Swapit.xcdatamodeld */ = {
			isa = XCVersionGroup;
			children = (
				DAF94C891B7981F6004D2660 /* Swapit.xcdatamodel */,
			);
			currentVersion = DAF94C891B7981F6004D2660 /* Swapit.xcdatamodel */;
			path = Swapit.xcdatamodeld;
			sourceTree = "<group>";
			versionGroupType = wrapper.xcdatamodel;
		};
/* End XCVersionGroup section */
	};
	rootObject = DAF94C791B7981F5004D2660 /* Project object */;
}
